
Microsoft Visual Studio Solution File, Format Version 12.00
# Visual Studio Version 17
VisualStudioVersion = 17.10.35122.118
MinimumVisualStudioVersion = 10.0.40219.1
Project("{8BC9CEB8-8B4A-11D0-8D11-00A0C91BC942}") = "Client", "Client\Default\Client.vcxproj", "{1A5672C6-54B4-4779-99E7-84EF85171388}"
EndProject
Project("{8BC9CEB8-8B4A-11D0-8D11-00A0C91BC942}") = "Engine", "Engine\Default\Engine.vcxproj", "{922BAEFB-8A3C-4F15-9F51-BF7C7ECC1CD7}"
EndProject
Project("{8BC9CEB8-8B4A-11D0-8D11-00A0C91BC942}") = "Shared", "Shared\Default\Shared.vcxproj", "{F4CCF815-6D51-412F-A76E-84D2F1D05571}"
EndProject
Project("{8BC9CEB8-8B4A-11D0-8D11-00A0C91BC942}") = "NetworkProtocolHarness", "Tools\NetworkProtocolHarness\Default\NetworkProtocolHarness.vcxproj", "{3BED234B-C5CE-4DDA-B154-4E4F947E6A50}"
EndProject
Project("{8BC9CEB8-8B4A-11D0-8D11-00A0C91BC942}") = "ValtanFourPlayerHarness", "Tools\ValtanFourPlayerHarness\Default\ValtanFourPlayerHarness.vcxproj", "{B29B7E13-D49A-43E4-9723-4E9ABBF0C2F1}"
EndProject
Project("{8BC9CEB8-8B4A-11D0-8D11-00A0C91BC942}") = "ClientFrontendHarness", "Tools\ClientFrontendHarness\Default\ClientFrontendHarness.vcxproj", "{78406C04-3D55-4F36-B6D1-B5180A48F521}"
EndProject
Project("{8BC9CEB8-8B4A-11D0-8D11-00A0C91BC942}") = "Server", "Server\Default\Server.vcxproj", "{053788E7-C377-4811-8AFE-BC23D9BE4AE7}"
EndProject
Project("{8BC9CEB8-8B4A-11D0-8D11-00A0C91BC942}") = "PhysicsContractHarness", "Tools\PhysicsContractHarness\Default\PhysicsContractHarness.vcxproj", "{AB5658F8-984D-4826-8F05-5044E1B12BAF}"
EndProject
Project("{8BC9CEB8-8B4A-11D0-8D11-00A0C91BC942}") = "WModelGeometryContractHarness", "Tools\WModelGeometryContractHarness\Default\WModelGeometryContractHarness.vcxproj", "{9B42E292-78B8-4B77-A65F-1CD55AB5D1D0}"
EndProject
Project("{8BC9CEB8-8B4A-11D0-8D11-00A0C91BC942}") = "PointLightFalloffContractHarness", "Tools\PointLightFalloffContractHarness\Default\PointLightFalloffContractHarness.vcxproj", "{6D0C24DF-FC4B-4BA1-9E20-F38903BA14AE}"
EndProject
Global
	GlobalSection(SolutionConfigurationPlatforms) = preSolution
		Debug|x64 = Debug|x64
		Debug|x86 = Debug|x86
		Release|x64 = Release|x64
		Release|x86 = Release|x86
	EndGlobalSection
	GlobalSection(ProjectConfigurationPlatforms) = postSolution
		{1A5672C6-54B4-4779-99E7-84EF85171388}.Debug|x64.ActiveCfg = Debug|x64
		{1A5672C6-54B4-4779-99E7-84EF85171388}.Debug|x64.Build.0 = Debug|x64
		{1A5672C6-54B4-4779-99E7-84EF85171388}.Debug|x86.ActiveCfg = Debug|Win32
		{1A5672C6-54B4-4779-99E7-84EF85171388}.Debug|x86.Build.0 = Debug|Win32
		{1A5672C6-54B4-4779-99E7-84EF85171388}.Release|x64.ActiveCfg = Release|x64
		{1A5672C6-54B4-4779-99E7-84EF85171388}.Release|x64.Build.0 = Release|x64
		{1A5672C6-54B4-4779-99E7-84EF85171388}.Release|x86.ActiveCfg = Release|Win32
		{1A5672C6-54B4-4779-99E7-84EF85171388}.Release|x86.Build.0 = Release|Win32
		{922BAEFB-8A3C-4F15-9F51-BF7C7ECC1CD7}.Debug|x64.ActiveCfg = Debug|x64
		{922BAEFB-8A3C-4F15-9F51-BF7C7ECC1CD7}.Debug|x64.Build.0 = Debug|x64
		{922BAEFB-8A3C-4F15-9F51-BF7C7ECC1CD7}.Debug|x86.ActiveCfg = Debug|Win32
		{922BAEFB-8A3C-4F15-9F51-BF7C7ECC1CD7}.Debug|x86.Build.0 = Debug|Win32
		{922BAEFB-8A3C-4F15-9F51-BF7C7ECC1CD7}.Release|x64.ActiveCfg = Release|x64
		{922BAEFB-8A3C-4F15-9F51-BF7C7ECC1CD7}.Release|x64.Build.0 = Release|x64
		{922BAEFB-8A3C-4F15-9F51-BF7C7ECC1CD7}.Release|x86.ActiveCfg = Release|Win32
		{922BAEFB-8A3C-4F15-9F51-BF7C7ECC1CD7}.Release|x86.Build.0 = Release|Win32
		{F4CCF815-6D51-412F-A76E-84D2F1D05571}.Debug|x64.ActiveCfg = Debug|x64
		{F4CCF815-6D51-412F-A76E-84D2F1D05571}.Debug|x64.Build.0 = Debug|x64
		{F4CCF815-6D51-412F-A76E-84D2F1D05571}.Debug|x86.ActiveCfg = Debug|Win32
		{F4CCF815-6D51-412F-A76E-84D2F1D05571}.Debug|x86.Build.0 = Debug|Win32
		{F4CCF815-6D51-412F-A76E-84D2F1D05571}.Release|x64.ActiveCfg = Release|x64
		{F4CCF815-6D51-412F-A76E-84D2F1D05571}.Release|x64.Build.0 = Release|x64
		{F4CCF815-6D51-412F-A76E-84D2F1D05571}.Release|x86.ActiveCfg = Release|Win32
		{F4CCF815-6D51-412F-A76E-84D2F1D05571}.Release|x86.Build.0 = Release|Win32
		{3BED234B-C5CE-4DDA-B154-4E4F947E6A50}.Debug|x64.ActiveCfg = Debug|x64
		{3BED234B-C5CE-4DDA-B154-4E4F947E6A50}.Debug|x64.Build.0 = Debug|x64
		{3BED234B-C5CE-4DDA-B154-4E4F947E6A50}.Debug|x86.ActiveCfg = Debug|Win32
		{3BED234B-C5CE-4DDA-B154-4E4F947E6A50}.Debug|x86.Build.0 = Debug|Win32
		{3BED234B-C5CE-4DDA-B154-4E4F947E6A50}.Release|x64.ActiveCfg = Release|x64
		{3BED234B-C5CE-4DDA-B154-4E4F947E6A50}.Release|x64.Build.0 = Release|x64
		{3BED234B-C5CE-4DDA-B154-4E4F947E6A50}.Release|x86.ActiveCfg = Release|Win32
		{3BED234B-C5CE-4DDA-B154-4E4F947E6A50}.Release|x86.Build.0 = Release|Win32
		{B29B7E13-D49A-43E4-9723-4E9ABBF0C2F1}.Debug|x64.ActiveCfg = Debug|x64
		{B29B7E13-D49A-43E4-9723-4E9ABBF0C2F1}.Debug|x64.Build.0 = Debug|x64
		{B29B7E13-D49A-43E4-9723-4E9ABBF0C2F1}.Debug|x86.ActiveCfg = Debug|Win32
		{B29B7E13-D49A-43E4-9723-4E9ABBF0C2F1}.Debug|x86.Build.0 = Debug|Win32
		{B29B7E13-D49A-43E4-9723-4E9ABBF0C2F1}.Release|x64.ActiveCfg = Release|x64
		{B29B7E13-D49A-43E4-9723-4E9ABBF0C2F1}.Release|x64.Build.0 = Release|x64
		{B29B7E13-D49A-43E4-9723-4E9ABBF0C2F1}.Release|x86.ActiveCfg = Release|Win32
		{B29B7E13-D49A-43E4-9723-4E9ABBF0C2F1}.Release|x86.Build.0 = Release|Win32
		{78406C04-3D55-4F36-B6D1-B5180A48F521}.Debug|x64.ActiveCfg = Debug|x64
		{78406C04-3D55-4F36-B6D1-B5180A48F521}.Debug|x64.Build.0 = Debug|x64
		{78406C04-3D55-4F36-B6D1-B5180A48F521}.Debug|x86.ActiveCfg = Debug|x64
		{78406C04-3D55-4F36-B6D1-B5180A48F521}.Release|x64.ActiveCfg = Release|x64
		{78406C04-3D55-4F36-B6D1-B5180A48F521}.Release|x64.Build.0 = Release|x64
		{78406C04-3D55-4F36-B6D1-B5180A48F521}.Release|x86.ActiveCfg = Release|x64
		{053788E7-C377-4811-8AFE-BC23D9BE4AE7}.Debug|x64.ActiveCfg = Debug|x64
		{053788E7-C377-4811-8AFE-BC23D9BE4AE7}.Debug|x64.Build.0 = Debug|x64
		{053788E7-C377-4811-8AFE-BC23D9BE4AE7}.Debug|x86.ActiveCfg = Debug|Win32
		{053788E7-C377-4811-8AFE-BC23D9BE4AE7}.Debug|x86.Build.0 = Debug|Win32
		{053788E7-C377-4811-8AFE-BC23D9BE4AE7}.Release|x64.ActiveCfg = Release|x64
		{053788E7-C377-4811-8AFE-BC23D9BE4AE7}.Release|x64.Build.0 = Release|x64
		{053788E7-C377-4811-8AFE-BC23D9BE4AE7}.Release|x86.ActiveCfg = Release|Win32
		{053788E7-C377-4811-8AFE-BC23D9BE4AE7}.Release|x86.Build.0 = Release|Win32
		{AB5658F8-984D-4826-8F05-5044E1B12BAF}.Debug|x64.ActiveCfg = Debug|x64
		{AB5658F8-984D-4826-8F05-5044E1B12BAF}.Debug|x64.Build.0 = Debug|x64
		{AB5658F8-984D-4826-8F05-5044E1B12BAF}.Debug|x86.ActiveCfg = Debug|x64
		{AB5658F8-984D-4826-8F05-5044E1B12BAF}.Release|x64.ActiveCfg = Release|x64
		{AB5658F8-984D-4826-8F05-5044E1B12BAF}.Release|x64.Build.0 = Release|x64
		{AB5658F8-984D-4826-8F05-5044E1B12BAF}.Release|x86.ActiveCfg = Release|x64
		{9B42E292-78B8-4B77-A65F-1CD55AB5D1D0}.Debug|x64.ActiveCfg = Debug|x64
		{9B42E292-78B8-4B77-A65F-1CD55AB5D1D0}.Debug|x64.Build.0 = Debug|x64
		{9B42E292-78B8-4B77-A65F-1CD55AB5D1D0}.Debug|x86.ActiveCfg = Debug|x64
		{9B42E292-78B8-4B77-A65F-1CD55AB5D1D0}.Release|x64.ActiveCfg = Release|x64
		{9B42E292-78B8-4B77-A65F-1CD55AB5D1D0}.Release|x64.Build.0 = Release|x64
		{9B42E292-78B8-4B77-A65F-1CD55AB5D1D0}.Release|x86.ActiveCfg = Release|x64
		{6D0C24DF-FC4B-4BA1-9E20-F38903BA14AE}.Debug|x64.ActiveCfg = Debug|x64
		{6D0C24DF-FC4B-4BA1-9E20-F38903BA14AE}.Debug|x64.Build.0 = Debug|x64
		{6D0C24DF-FC4B-4BA1-9E20-F38903BA14AE}.Debug|x86.ActiveCfg = Debug|x64
		{6D0C24DF-FC4B-4BA1-9E20-F38903BA14AE}.Release|x64.ActiveCfg = Release|x64
		{6D0C24DF-FC4B-4BA1-9E20-F38903BA14AE}.Release|x64.Build.0 = Release|x64
		{6D0C24DF-FC4B-4BA1-9E20-F38903BA14AE}.Release|x86.ActiveCfg = Release|x64
	EndGlobalSection
	GlobalSection(SolutionProperties) = preSolution
		HideSolutionNode = FALSE
	EndGlobalSection
	GlobalSection(ExtensibilityGlobals) = postSolution
		SolutionGuid = {D406B777-1065-4D58-B716-7FC29A94B7C2}
	EndGlobalSection
EndGlobal
