<?xml version="1.0" encoding="utf-8"?>
<Project ToolsVersion="4.0" xmlns="http://schemas.microsoft.com/developer/msbuild/2003">
  <ItemGroup>
    <Filter Include="Public">
      <UniqueIdentifier>{9E987759-92B9-4125-A5A7-05495FB9F53B}</UniqueIdentifier>
    </Filter>
    <Filter Include="Private">
      <UniqueIdentifier>{955A4FE2-BA15-4E49-9879-188CCD1C93AD}</UniqueIdentifier>
    </Filter>
  </ItemGroup>
  <ItemGroup>
    <ClInclude Include="..\Public\ServerApp.h">
      <Filter>Public</Filter>
    </ClInclude>
    <ClInclude Include="..\Public\WinSockContext.h">
      <Filter>Public</Filter>
    </ClInclude>
    <ClInclude Include="..\Public\TcpListener.h">
      <Filter>Public</Filter>
    </ClInclude>
    <ClInclude Include="..\Public\ClientSession.h">
      <Filter>Public</Filter>
    </ClInclude>
    <ClInclude Include="..\Public\ServerIds.h">
      <Filter>Public</Filter>
    </ClInclude>
    <ClInclude Include="..\Public\ServerPlayer.h">
      <Filter>Public</Filter>
    </ClInclude>
    <ClInclude Include="..\Public\RoomCommand.h">
      <Filter>Public</Filter>
    </ClInclude>
    <ClInclude Include="..\Public\GameRoom.h">
      <Filter>Public</Filter>
    </ClInclude>
    <ClInclude Include="..\Public\ServerWorldEntity.h">
      <Filter>Public</Filter>
    </ClInclude>
    <ClInclude Include="..\Public\WorldBootstrap.h">
      <Filter>Public</Filter>
    </ClInclude>
    <ClInclude Include="..\Public\SpawnGroupBootstrap.h"><Filter>Public</Filter></ClInclude>
    <ClInclude Include="..\Public\SpawnGroupRuntime.h"><Filter>Public</Filter></ClInclude>
    <ClInclude Include="..\Public\MonsterBrain.h"><Filter>Public</Filter></ClInclude>
	<ClInclude Include="..\Public\NpcBehaviorRuntime.h"><Filter>Public</Filter></ClInclude>
	<ClInclude Include="..\Public\GameplayCatalog.h"><Filter>Public</Filter></ClInclude>
	<ClInclude Include="..\Public\BossCombatRuntime.h"><Filter>Public</Filter></ClInclude>
	<ClInclude Include="..\Public\CombatObjectRuntime.h"><Filter>Public</Filter></ClInclude>
	<ClInclude Include="..\Public\ServerCombatGeometry.h"><Filter>Public</Filter></ClInclude>
	<ClInclude Include="..\Public\ServerCombatHitRuntime.h"><Filter>Public</Filter></ClInclude>
	<ClInclude Include="..\Public\ItemCatalog.h"><Filter>Public</Filter></ClInclude>
	<ClInclude Include="..\Public\ValtanClearRewards.h"><Filter>Public</Filter></ClInclude>
	<ClInclude Include="..\Public\PlayerSkillSystem.h"><Filter>Public</Filter></ClInclude>
	<ClInclude Include="..\Public\ServerNavigation.h"><Filter>Public</Filter></ClInclude>
	<ClInclude Include="..\Public\ValtanBrain.h"><Filter>Public</Filter></ClInclude>
	<ClInclude Include="..\Public\KoukuSaydonBrain.h"><Filter>Public</Filter></ClInclude>
	<ClInclude Include="..\Public\EstherSkillSystem.h"><Filter>Public</Filter></ClInclude>
	<ClInclude Include="..\Public\ServerGameplayContractTests.h"><Filter>Public</Filter></ClInclude>
	<ClInclude Include="..\Public\ServerTriggerSystem.h"><Filter>Public</Filter></ClInclude>
	<ClInclude Include="..\Public\ServerCollisionSystem.h"><Filter>Public</Filter></ClInclude>
	<ClInclude Include="..\Public\EncounterPropRuntime.h"><Filter>Public</Filter></ClInclude>
    <ClInclude Include="..\Public\WorldDestructionRuntime.h"><Filter>Public</Filter></ClInclude>
	<ClInclude Include="..\Public\WorldDestructionBootstrap.h"><Filter>Public</Filter></ClInclude>
	<ClInclude Include="..\Public\WorldDestructionBootstrapContractTests.h"><Filter>Public</Filter></ClInclude>
  </ItemGroup>
  <ItemGroup>
    <ClCompile Include="..\Private\Main.cpp">
      <Filter>Private</Filter>
    </ClCompile>
    <ClCompile Include="..\Private\ServerApp.cpp">
      <Filter>Private</Filter>
    </ClCompile>
    <ClCompile Include="..\Private\WinSockContext.cpp">
      <Filter>Private</Filter>
    </ClCompile>
    <ClCompile Include="..\Private\TcpListener.cpp">
      <Filter>Private</Filter>
    </ClCompile>
    <ClCompile Include="..\Private\ClientSession.cpp">
      <Filter>Private</Filter>
    </ClCompile>
    <ClCompile Include="..\Private\GameRoom.cpp">
      <Filter>Private</Filter>
    </ClCompile>
    <ClCompile Include="..\Private\WorldBootstrap.cpp">
      <Filter>Private</Filter>
    </ClCompile>
    <ClCompile Include="..\Private\SpawnGroupBootstrap.cpp"><Filter>Private</Filter></ClCompile>
    <ClCompile Include="..\Private\SpawnGroupRuntime.cpp"><Filter>Private</Filter></ClCompile>
    <ClCompile Include="..\Private\MonsterBrain.cpp"><Filter>Private</Filter></ClCompile>
	<ClCompile Include="..\Private\NpcBehaviorRuntime.cpp"><Filter>Private</Filter></ClCompile>
	<ClCompile Include="..\Private\GameplayCatalog.cpp"><Filter>Private</Filter></ClCompile>
	<ClCompile Include="..\Private\BossCombatRuntime.cpp"><Filter>Private</Filter></ClCompile>
	<ClCompile Include="..\Private\CombatObjectRuntime.cpp"><Filter>Private</Filter></ClCompile>
	<ClCompile Include="..\Private\ServerCombatGeometry.cpp"><Filter>Private</Filter></ClCompile>
	<ClCompile Include="..\Private\ServerCombatHitRuntime.cpp"><Filter>Private</Filter></ClCompile>
	<ClCompile Include="..\Private\ItemCatalog.cpp"><Filter>Private</Filter></ClCompile>
	<ClCompile Include="..\Private\ValtanClearRewards.cpp"><Filter>Private</Filter></ClCompile>
	<ClCompile Include="..\Private\PlayerSkillSystem.cpp"><Filter>Private</Filter></ClCompile>
	<ClCompile Include="..\Private\ServerNavigation.cpp"><Filter>Private</Filter></ClCompile>
	<ClCompile Include="..\Private\ValtanBrain.cpp"><Filter>Private</Filter></ClCompile>
	<ClCompile Include="..\Private\KoukuSaydonBrain.cpp"><Filter>Private</Filter></ClCompile>
	<ClCompile Include="..\Private\EstherSkillSystem.cpp"><Filter>Private</Filter></ClCompile>
	<ClCompile Include="..\Private\ServerGameplayContractTests.cpp"><Filter>Private</Filter></ClCompile>
	<ClCompile Include="..\Private\ServerTriggerSystem.cpp"><Filter>Private</Filter></ClCompile>
	<ClCompile Include="..\Private\ServerCollisionSystem.cpp"><Filter>Private</Filter></ClCompile>
	<ClCompile Include="..\Private\EncounterPropRuntime.cpp"><Filter>Private</Filter></ClCompile>
    <ClCompile Include="..\Private\WorldDestructionRuntime.cpp"><Filter>Private</Filter></ClCompile>
	<ClCompile Include="..\Private\WorldDestructionBootstrap.cpp"><Filter>Private</Filter></ClCompile>
	<ClCompile Include="..\Private\WorldDestructionBootstrapContractTests.cpp"><Filter>Private</Filter></ClCompile>
  </ItemGroup>
</Project>
