<?xml version="1.0" encoding="utf-8"?>
<Project ToolsVersion="4.0" xmlns="http://schemas.microsoft.com/developer/msbuild/2003">
  <ItemGroup>
    <Filter Include="00.MainApp">
      <UniqueIdentifier>{15368830-7c72-413d-a000-0a1f7b1be562}</UniqueIdentifier>
    </Filter>
    <Filter Include="99.Defines">
      <UniqueIdentifier>{875044a5-ca30-4aac-9081-e3d4d5b065fe}</UniqueIdentifier>
    </Filter>
    <Filter Include="98.Default">
      <UniqueIdentifier>{d335d9ac-def4-46b8-ac95-c186386f8b8a}</UniqueIdentifier>
    </Filter>
    <Filter Include="01.Levels">
      <UniqueIdentifier>{7bdb574f-1642-46a6-9c4a-2de9b918c674}</UniqueIdentifier>
    </Filter>
    <Filter Include="01.Levels\Logo">
      <UniqueIdentifier>{8c9bceda-8729-4fc0-9363-481cf65a577f}</UniqueIdentifier>
    </Filter>
    <Filter Include="01.Levels\GamePlay">
      <UniqueIdentifier>{a57b5389-796b-4004-9549-86d2c642f5db}</UniqueIdentifier>
    </Filter>
    <Filter Include="01.Levels\Loading">
      <UniqueIdentifier>{de01aad6-a07c-47d8-a504-d56ab362410e}</UniqueIdentifier>
    </Filter>
    <Filter Include="01.Levels\Loading\Loader">
      <UniqueIdentifier>{c407bb7a-0764-43ac-abfc-a5b8dba1f941}</UniqueIdentifier>
    </Filter>
    <Filter Include="02.GameObjects">
      <UniqueIdentifier>{4c84a0ed-a665-4d3f-ab10-9cf28db3ef67}</UniqueIdentifier>
    </Filter>
    <Filter Include="97.ShaderFiles">
      <UniqueIdentifier>{7dcb7381-90c8-40c3-8bdf-1d48e55d2e74}</UniqueIdentifier>
    </Filter>
    <Filter Include="03. Tools">
      <UniqueIdentifier>{ba06c327-ea61-4e3a-8671-349b2cbe8ee1}</UniqueIdentifier>
    </Filter>
    <Filter Include="03. Tools\00. Map">
      <UniqueIdentifier>{1f961324-6c44-4b0c-9079-b04d64f14300}</UniqueIdentifier>
    </Filter>
    <Filter Include="03. Tools\01. Boss">
      <UniqueIdentifier>{4f3fa45e-b58d-4558-9c4b-9a0219ab36b2}</UniqueIdentifier>
    </Filter>
    <Filter Include="03. Tools\02. Effect">
      <UniqueIdentifier>{adf379c4-e0ce-4567-964a-62e2e0b4807c}</UniqueIdentifier>
    </Filter>
    <Filter Include="03. Tools\03. UI">
      <UniqueIdentifier>{8a51f635-e0bc-45cf-88c5-524cac099261}</UniqueIdentifier>
    </Filter>
    <Filter Include="03. Tools\04. Animation">
      <UniqueIdentifier>{42322243-9f4d-4daa-9a43-c0122697c314}</UniqueIdentifier>
    </Filter>
    <Filter Include="02.GameObjects\00. Character">
      <UniqueIdentifier>{d5864814-d199-42de-9bce-7329814f62a7}</UniqueIdentifier>
    </Filter>
    <Filter Include="02.GameObjects\99. 수업">
      <UniqueIdentifier>{ae7694ce-b8e0-498a-82aa-fa5e6cfa93ef}</UniqueIdentifier>
    </Filter>
    <Filter Include="02.GameObjects\99. 수업\BackGround">
      <UniqueIdentifier>{5299cef0-2d1b-4e90-8285-2fff6d1c03c1}</UniqueIdentifier>
    </Filter>
    <Filter Include="02.GameObjects\99. 수업\Camera">
      <UniqueIdentifier>{6131ea7b-c294-4923-9bdf-06dc6c9a0bc7}</UniqueIdentifier>
    </Filter>
    <Filter Include="02.GameObjects\99. 수업\Camera\Free">
      <UniqueIdentifier>{ab809c0d-7e47-4143-8399-63dabb6b67ae}</UniqueIdentifier>
    </Filter>
    <Filter Include="02.GameObjects\99. 수업\Effect">
      <UniqueIdentifier>{45d58a49-8aa9-40ce-b3ad-36ef0fd02f66}</UniqueIdentifier>
    </Filter>
    <Filter Include="02.GameObjects\99. 수업\ForkLift">
      <UniqueIdentifier>{2617b32f-2b18-46e5-9501-7124dfb4dd61}</UniqueIdentifier>
    </Filter>
    <Filter Include="02.GameObjects\99. 수업\Monster">
      <UniqueIdentifier>{93f4303c-4368-4120-baea-660eb6c0a42f}</UniqueIdentifier>
    </Filter>
    <Filter Include="02.GameObjects\99. 수업\Particle">
      <UniqueIdentifier>{f3dc0a69-5bee-47a5-8849-e917b43fe84c}</UniqueIdentifier>
    </Filter>
    <Filter Include="02.GameObjects\99. 수업\Particle\Snow">
      <UniqueIdentifier>{55da8be6-2e61-4d65-9760-a85b79af04b5}</UniqueIdentifier>
    </Filter>
    <Filter Include="02.GameObjects\99. 수업\Particle\Explosion">
      <UniqueIdentifier>{02b2a18a-7d02-415b-abd4-4fdcf0b9da4f}</UniqueIdentifier>
    </Filter>
    <Filter Include="02.GameObjects\99. 수업\Player">
      <UniqueIdentifier>{64d83a7d-83f0-46fb-ac3c-2a186eb1bc54}</UniqueIdentifier>
    </Filter>
    <Filter Include="02.GameObjects\99. 수업\Player\Body">
      <UniqueIdentifier>{2581ad90-3861-4b08-8fe4-2a4eec721a57}</UniqueIdentifier>
    </Filter>
    <Filter Include="02.GameObjects\99. 수업\Player\Weapon">
      <UniqueIdentifier>{3082fe5f-2734-439e-9ea4-ecfc85e5611f}</UniqueIdentifier>
    </Filter>
    <Filter Include="02.GameObjects\99. 수업\Player\Effect">
      <UniqueIdentifier>{69d1e5bf-b1a1-49c8-841f-839bfb9bd47b}</UniqueIdentifier>
    </Filter>
    <Filter Include="02.GameObjects\99. 수업\Sky">
      <UniqueIdentifier>{744925d8-bca9-4088-b18f-7db2c9da36f2}</UniqueIdentifier>
    </Filter>
    <Filter Include="02.GameObjects\99. 수업\Terrain">
      <UniqueIdentifier>{e9edaa3a-8381-4767-8cde-47a663fa4020}</UniqueIdentifier>
    </Filter>
    <Filter Include="02.GameObjects\98. TestBinaryAsset">
      <UniqueIdentifier>{1d1cb11f-147b-4124-aab5-36a9909bc25f}</UniqueIdentifier>
    </Filter>
    <Filter Include="03. Tools\05. Sequencer">
      <UniqueIdentifier>{6f28d0c9-bbd3-42f8-9b77-040d9c18034e}</UniqueIdentifier>
    </Filter>
    <Filter Include="02.GameObjects\01. Boss">
      <UniqueIdentifier>{2d44837b-7b11-42f4-9d69-d18a0e209670}</UniqueIdentifier>
    </Filter>
    <Filter Include="02.GameObjects\02. World">
      <UniqueIdentifier>{5f174343-f8c8-48ca-9e8a-611019312830}</UniqueIdentifier>
    </Filter>
    <Filter Include="02.GameObjects\02. World\Map">
      <UniqueIdentifier>{7a44eaf0-e8d2-45cd-99f8-c9c5ddf4475c}</UniqueIdentifier>
    </Filter>
    <Filter Include="02.GameObjects\03. Effect">
      <UniqueIdentifier>{baeaae57-d96c-42f0-877b-403bbb88d842}</UniqueIdentifier>
    </Filter>
    <Filter Include="02.GameObjects\04. UI">
      <UniqueIdentifier>{57537602-afc9-4af5-9022-c48584d4bcb1}</UniqueIdentifier>
    </Filter>
    <Filter Include="02.GameObjects\05. Sequencer">
      <UniqueIdentifier>{19cfa3b4-8375-48d1-8633-986f0d4a9303}</UniqueIdentifier>
    </Filter>
    <Filter Include="01.Levels\02. TestLevel2">
      <UniqueIdentifier>{990193aa-479d-457b-a42f-b4ce68ccecd8}</UniqueIdentifier>
    </Filter>
    <Filter Include="01.Levels\00. TestLevel1">
      <UniqueIdentifier>{ac3a4b66-9b72-49f3-a0dc-f36520670a51}</UniqueIdentifier>
    </Filter>
    <Filter Include="96.DataFiles">
      <UniqueIdentifier>{aacfd472-6475-47c4-bad3-af1e9a17105e}</UniqueIdentifier>
    </Filter>
    <Filter Include="96.DataFiles\Map">
      <UniqueIdentifier>{a6622e2c-78fc-4fbb-b1db-d57f8e2947aa}</UniqueIdentifier>
    </Filter>
  </ItemGroup>
  <ItemGroup>
    <ClCompile Include="..\Private\MainApp.cpp">
      <Filter>00.MainApp</Filter>
    </ClCompile>
    <ClCompile Include="Client.cpp">
      <Filter>98.Default</Filter>
    </ClCompile>
    <ClCompile Include="..\private\Level_Logo.cpp">
      <Filter>01.Levels\Logo</Filter>
    </ClCompile>
    <ClCompile Include="..\Private\Level_GamePlay.cpp">
      <Filter>01.Levels\GamePlay</Filter>
    </ClCompile>
    <ClCompile Include="..\Private\Level_Loading.cpp">
      <Filter>01.Levels\Loading</Filter>
    </ClCompile>
    <ClCompile Include="..\private\Loader.cpp">
      <Filter>01.Levels\Loading\Loader</Filter>
    </ClCompile>
    <ClCompile Include="..\private\BackGround.cpp">
      <Filter>02.GameObjects\99. 수업\BackGround</Filter>
    </ClCompile>
    <ClCompile Include="..\Private\Terrain.cpp">
      <Filter>02.GameObjects\99. 수업\Terrain</Filter>
    </ClCompile>
    <ClCompile Include="..\private\Camera_Free.cpp">
      <Filter>02.GameObjects\99. 수업\Camera\Free</Filter>
    </ClCompile>
    <ClCompile Include="..\Private\Monster.cpp">
      <Filter>02.GameObjects\99. 수업\Monster</Filter>
    </ClCompile>
    <ClCompile Include="..\private\Player.cpp">
      <Filter>02.GameObjects\99. 수업\Player</Filter>
    </ClCompile>
    <ClCompile Include="..\Private\Body_Player.cpp">
      <Filter>02.GameObjects\99. 수업\Player\Body</Filter>
    </ClCompile>
    <ClCompile Include="..\Private\Weapon.cpp">
      <Filter>02.GameObjects\99. 수업\Player\Weapon</Filter>
    </ClCompile>
    <ClCompile Include="..\Private\Sky.cpp">
      <Filter>02.GameObjects\99. 수업\Sky</Filter>
    </ClCompile>
    <ClCompile Include="..\Private\Snow.cpp">
      <Filter>02.GameObjects\99. 수업\Particle\Snow</Filter>
    </ClCompile>
    <ClCompile Include="..\private\Explosion.cpp">
      <Filter>02.GameObjects\99. 수업\Player\Effect</Filter>
    </ClCompile>
    <ClCompile Include="..\Private\ForkLift.cpp">
      <Filter>02.GameObjects\99. 수업\ForkLift</Filter>
    </ClCompile>
    <ClCompile Include="..\Private\Effect.cpp">
      <Filter>02.GameObjects\99. 수업\Effect</Filter>
    </ClCompile>
    <ClCompile Include="..\Private\MapTool.cpp">
      <Filter>03. Tools\00. Map</Filter>
    </ClCompile>
    <ClCompile Include="..\Private\MapAssetCatalog.cpp">
      <Filter>03. Tools\00. Map</Filter>
    </ClCompile>
    <ClCompile Include="..\Private\MapAssetObject.cpp">
      <Filter>02.GameObjects\02. World\Map</Filter>
    </ClCompile>
    <ClCompile Include="..\Private\Level_AssetTest.cpp">
      <Filter>01.Levels\00. TestLevel1</Filter>
    </ClCompile>
    <ClCompile Include="..\Private\BinaryAssetObject.cpp">
      <Filter>02.GameObjects\98. TestBinaryAsset</Filter>
    </ClCompile>
    <ClCompile Include="..\Private\Body_Valtan.cpp">
      <Filter>02.GameObjects\01. Boss</Filter>
    </ClCompile>
    <ClCompile Include="..\Private\RuntimeAssetRoot.cpp">
      <Filter>03. Tools\00. Map</Filter>
    </ClCompile>
    <ClCompile Include="..\private\Effect_Tool.cpp">
      <Filter>03. Tools\02. Effect</Filter>
    </ClCompile>
    <ClCompile Include="..\Private\HUDLayoutTool.cpp">
      <Filter>03. Tools\03. UI</Filter>
    </ClCompile>
    <ClCompile Include="..\Private\Level_Test2.cpp">
      <Filter>01.Levels\02. TestLevel2</Filter>
    </ClCompile>
    <ClCompile Include="..\Private\Valtan.cpp">
      <Filter>02.GameObjects\01. Boss</Filter>
    </ClCompile>
  </ItemGroup>
  <ItemGroup>
    <ClInclude Include="..\Public\MainApp.h">
      <Filter>00.MainApp</Filter>
    </ClInclude>
    <ClInclude Include="framework.h">
      <Filter>98.Default</Filter>
    </ClInclude>
    <ClInclude Include="Resource.h">
      <Filter>98.Default</Filter>
    </ClInclude>
    <ClInclude Include="targetver.h">
      <Filter>98.Default</Filter>
    </ClInclude>
    <ClInclude Include="Client.h">
      <Filter>98.Default</Filter>
    </ClInclude>
    <ClInclude Include="..\Public\Client_Defines.h">
      <Filter>99.Defines</Filter>
    </ClInclude>
    <ClInclude Include="..\public\Level_Logo.h">
      <Filter>01.Levels\Logo</Filter>
    </ClInclude>
    <ClInclude Include="..\Public\Level_GamePlay.h">
      <Filter>01.Levels\GamePlay</Filter>
    </ClInclude>
    <ClInclude Include="..\Public\Level_Loading.h">
      <Filter>01.Levels\Loading</Filter>
    </ClInclude>
    <ClInclude Include="..\public\Loader.h">
      <Filter>01.Levels\Loading\Loader</Filter>
    </ClInclude>
    <ClInclude Include="..\public\BackGround.h">
      <Filter>02.GameObjects\99. 수업\BackGround</Filter>
    </ClInclude>
    <ClInclude Include="..\Public\Terrain.h">
      <Filter>02.GameObjects\99. 수업\Terrain</Filter>
    </ClInclude>
    <ClInclude Include="..\public\Camera_Free.h">
      <Filter>02.GameObjects\99. 수업\Camera\Free</Filter>
    </ClInclude>
    <ClInclude Include="..\Public\Monster.h">
      <Filter>02.GameObjects\99. 수업\Monster</Filter>
    </ClInclude>
    <ClInclude Include="..\public\Player.h">
      <Filter>02.GameObjects\99. 수업\Player</Filter>
    </ClInclude>
    <ClInclude Include="..\Public\Body_Player.h">
      <Filter>02.GameObjects\99. 수업\Player\Body</Filter>
    </ClInclude>
    <ClInclude Include="..\Public\Weapon.h">
      <Filter>02.GameObjects\99. 수업\Player\Weapon</Filter>
    </ClInclude>
    <ClInclude Include="..\Public\Sky.h">
      <Filter>02.GameObjects\99. 수업\Sky</Filter>
    </ClInclude>
    <ClInclude Include="..\Public\Snow.h">
      <Filter>02.GameObjects\99. 수업\Particle\Snow</Filter>
    </ClInclude>
    <ClInclude Include="..\public\Explosion.h">
      <Filter>02.GameObjects\99. 수업\Player\Effect</Filter>
    </ClInclude>
    <ClInclude Include="..\Public\ForkLift.h">
      <Filter>02.GameObjects\99. 수업\ForkLift</Filter>
    </ClInclude>
    <ClInclude Include="..\Public\Effect.h">
      <Filter>02.GameObjects\99. 수업\Effect</Filter>
    </ClInclude>
    <ClInclude Include="..\Public\MapTool.h">
      <Filter>03. Tools\00. Map</Filter>
    </ClInclude>
    <ClInclude Include="..\Public\MapAssetCatalog.h">
      <Filter>03. Tools\00. Map</Filter>
    </ClInclude>
    <ClInclude Include="..\Public\MapAssetObject.h">
      <Filter>02.GameObjects\02. World\Map</Filter>
    </ClInclude>
    <ClInclude Include="..\Public\Level_AssetTest.h">
      <Filter>01.Levels\00. TestLevel1</Filter>
    </ClInclude>
    <ClInclude Include="..\Public\BinaryAssetObject.h">
      <Filter>02.GameObjects\98. TestBinaryAsset</Filter>
    </ClInclude>
    <ClInclude Include="..\Public\Body_Valtan.h">
      <Filter>02.GameObjects\01. Boss</Filter>
    </ClInclude>
    <ClInclude Include="..\Public\RuntimeAssetRoot.h">
      <Filter>03. Tools\00. Map</Filter>
    </ClInclude>
    <ClInclude Include="..\public\Effect_Tool.h">
      <Filter>03. Tools\02. Effect</Filter>
    </ClInclude>
    <ClInclude Include="..\Public\HUDLayoutTool.h">
      <Filter>03. Tools\03. UI</Filter>
    </ClInclude>
    <ClInclude Include="..\Public\Level_Test2.h">
      <Filter>01.Levels\02. TestLevel2</Filter>
    </ClInclude>
    <ClInclude Include="..\Public\Valtan.h">
      <Filter>02.GameObjects\01. Boss</Filter>
    </ClInclude>
  </ItemGroup>
  <ItemGroup>
    <Image Include="Client.ico">
      <Filter>98.Default</Filter>
    </Image>
    <Image Include="small.ico">
      <Filter>98.Default</Filter>
    </Image>
  </ItemGroup>
  <ItemGroup>
    <ResourceCompile Include="Client.rc">
      <Filter>98.Default</Filter>
    </ResourceCompile>
  </ItemGroup>
  <ItemGroup>
    <None Include="Client.vcxproj">
      <Filter>98.Default</Filter>
    </None>
    <None Include="..\Bin\DataFiles\Map\BG_RAD_VALTAN_A.mapassets">
      <Filter>96.DataFiles\Map</Filter>
    </None>
    <None Include="..\Bin\DataFiles\Map\BG_RAD_VALTAN_A.mapplacements">
      <Filter>96.DataFiles\Map</Filter>
    </None>
  </ItemGroup>
  <ItemGroup>
    <FxCompile Include="..\Bin\ShaderFiles\Shader_VtxTex.hlsl">
      <Filter>97.ShaderFiles</Filter>
    </FxCompile>
    <FxCompile Include="..\Bin\ShaderFiles\Shader_VtxNorTex.hlsl">
      <Filter>97.ShaderFiles</Filter>
    </FxCompile>
    <FxCompile Include="..\Bin\ShaderFiles\Shader_VtxMesh.hlsl">
      <Filter>97.ShaderFiles</Filter>
    </FxCompile>
    <FxCompile Include="..\Bin\ShaderFiles\Shader_VtxMeshBinary.hlsl">
      <Filter>97.ShaderFiles</Filter>
    </FxCompile>
    <FxCompile Include="..\Bin\ShaderFiles\Shader_VtxAnimMesh.hlsl">
      <Filter>97.ShaderFiles</Filter>
    </FxCompile>
    <FxCompile Include="..\Bin\ShaderFiles\Shader_VtxAnimMeshBinary.hlsl">
      <Filter>97.ShaderFiles</Filter>
    </FxCompile>
    <FxCompile Include="..\Bin\ShaderFiles\Shader_VtxCube.hlsl">
      <Filter>97.ShaderFiles</Filter>
    </FxCompile>
    <FxCompile Include="..\Bin\ShaderFiles\Shader_VtxInstanceParticleRect.hlsl">
      <Filter>97.ShaderFiles</Filter>
    </FxCompile>
    <FxCompile Include="..\Bin\ShaderFiles\Shader_VtxInstanceParticlePoint.hlsl">
      <Filter>97.ShaderFiles</Filter>
    </FxCompile>
  </ItemGroup>
  <ItemGroup>
    <Text Include="다음에 할꺼.txt">
      <Filter>98.Default</Filter>
    </Text>
  </ItemGroup>
</Project>