<?xml version="1.0" encoding="utf-8"?>
<Project ToolsVersion="4.0" xmlns="http://schemas.microsoft.com/developer/msbuild/2003">
  <ItemGroup>
    <Filter Include="00.MainApp">
      <UniqueIdentifier>{15368830-7c72-413d-a000-0a1f7b1be562}</UniqueIdentifier>
    </Filter>
    <Filter Include="99.Defines">
      <UniqueIdentifier>{875044a5-ca30-4aac-9081-e3d4d5b065fe}</UniqueIdentifier>
    </Filter>
    <Filter Include="98.Default">
      <UniqueIdentifier>{d335d9ac-def4-46b8-ac95-c186386f8b8a}</UniqueIdentifier>
    </Filter>
    <Filter Include="01.Levels">
      <UniqueIdentifier>{7bdb574f-1642-46a6-9c4a-2de9b918c674}</UniqueIdentifier>
    </Filter>
    <Filter Include="02.GameObjects">
      <UniqueIdentifier>{4c84a0ed-a665-4d3f-ab10-9cf28db3ef67}</UniqueIdentifier>
    </Filter>
    <Filter Include="97.ShaderFiles">
      <UniqueIdentifier>{7dcb7381-90c8-40c3-8bdf-1d48e55d2e74}</UniqueIdentifier>
    </Filter>
    <Filter Include="03. Tools">
      <UniqueIdentifier>{ba06c327-ea61-4e3a-8671-349b2cbe8ee1}</UniqueIdentifier>
    </Filter>
    <Filter Include="03. Tools\00. Map">
      <UniqueIdentifier>{1f961324-6c44-4b0c-9079-b04d64f14300}</UniqueIdentifier>
    </Filter>
    <Filter Include="03. Tools\01. Boss">
      <UniqueIdentifier>{4f3fa45e-b58d-4558-9c4b-9a0219ab36b2}</UniqueIdentifier>
    </Filter>
    <Filter Include="03. Tools\02. Effect">
      <UniqueIdentifier>{adf379c4-e0ce-4567-964a-62e2e0b4807c}</UniqueIdentifier>
    </Filter>
    <Filter Include="03. Tools\03. UI">
      <UniqueIdentifier>{8a51f635-e0bc-45cf-88c5-524cac099261}</UniqueIdentifier>
    </Filter>
    <Filter Include="03. Tools\04. Animation">
      <UniqueIdentifier>{42322243-9f4d-4daa-9a43-c0122697c314}</UniqueIdentifier>
    </Filter>
    <Filter Include="01.Levels\06. Development">
      <UniqueIdentifier>{22145cb1-0a78-4f58-9c5c-fd2bf0402701}</UniqueIdentifier>
    </Filter>
    <Filter Include="02.GameObjects\00. Character">
      <UniqueIdentifier>{d5864814-d199-42de-9bce-7329814f62a7}</UniqueIdentifier>
    </Filter>
    <Filter Include="03. Tools\05. Sequencer">
      <UniqueIdentifier>{6f28d0c9-bbd3-42f8-9b77-040d9c18034e}</UniqueIdentifier>
    </Filter>
    <Filter Include="02.GameObjects\01. Boss">
      <UniqueIdentifier>{2d44837b-7b11-42f4-9d69-d18a0e209670}</UniqueIdentifier>
    </Filter>
    <Filter Include="02.GameObjects\02. World">
      <UniqueIdentifier>{5f174343-f8c8-48ca-9e8a-611019312830}</UniqueIdentifier>
    </Filter>
    <Filter Include="02.GameObjects\02. World\Map">
      <UniqueIdentifier>{7a44eaf0-e8d2-45cd-99f8-c9c5ddf4475c}</UniqueIdentifier>
    </Filter>
    <Filter Include="02.GameObjects\04. UI">
      <UniqueIdentifier>{57537602-afc9-4af5-9022-c48584d4bcb1}</UniqueIdentifier>
    </Filter>
    <Filter Include="02.GameObjects\05. Sequencer">
      <UniqueIdentifier>{19cfa3b4-8375-48d1-8633-986f0d4a9303}</UniqueIdentifier>
    </Filter>
    <Filter Include="96.DataFiles">
      <UniqueIdentifier>{aacfd472-6475-47c4-bad3-af1e9a17105e}</UniqueIdentifier>
    </Filter>
    <Filter Include="96.DataFiles\Map">
      <UniqueIdentifier>{a6622e2c-78fc-4fbb-b1db-d57f8e2947aa}</UniqueIdentifier>
    </Filter>
    <Filter Include="96.DataFiles\Actors">
      <UniqueIdentifier>{089f59f9-abda-4a78-92c7-53a95517c63c}</UniqueIdentifier>
    </Filter>
    <Filter Include="96.DataFiles\Animation">
      <UniqueIdentifier>{8dfbc5a6-6d2a-4d81-83c6-e024eed35bad}</UniqueIdentifier>
    </Filter>
    <Filter Include="96.DataFiles\Animation\Authored">
      <UniqueIdentifier>{5b0cbb5f-7b8c-4d74-9e9c-9605010cb53b}</UniqueIdentifier>
    </Filter>
    <Filter Include="96.DataFiles\Animation\Reference">
      <UniqueIdentifier>{4402f87c-21c5-4861-a522-78384ae40740}</UniqueIdentifier>
    </Filter>
    <Filter Include="96.DataFiles\AssetPacks">
      <UniqueIdentifier>{1d3cc5df-ce41-4c5b-87f8-b52a371b2e52}</UniqueIdentifier>
    </Filter>
    <Filter Include="96.DataFiles\Balance">
      <UniqueIdentifier>{9c176e1d-aa38-4d80-80d6-eab54877c358}</UniqueIdentifier>
    </Filter>
    <Filter Include="96.DataFiles\Encounters">
      <UniqueIdentifier>{b09ba3ed-3f63-4c04-a1f7-05080a2f25e1}</UniqueIdentifier>
    </Filter>
    <Filter Include="96.DataFiles\Levels">
      <UniqueIdentifier>{336b076d-6971-435f-81f2-998308e2a98d}</UniqueIdentifier>
    </Filter>
    <Filter Include="96.DataFiles\Maps">
      <UniqueIdentifier>{eb2137ae-7265-469f-a381-976516cc4eb3}</UniqueIdentifier>
    </Filter>
    <Filter Include="96.DataFiles\Navigation">
      <UniqueIdentifier>{e808332f-5828-48f5-bab9-fc6884b75aa6}</UniqueIdentifier>
    </Filter>
    <Filter Include="96.DataFiles\UI">
      <UniqueIdentifier>{d2366f07-bf45-415a-af35-4a70fdd20190}</UniqueIdentifier>
    </Filter>
    <Filter Include="96.DataFiles\Worlds">
      <UniqueIdentifier>{8de851af-10a5-49ba-bbea-b9564254c63e}</UniqueIdentifier>
    </Filter>
    <Filter Include="02.GameObjects\00. Character\00. LanceMaster">
      <UniqueIdentifier>{f8e0d2c8-a70a-4338-9e85-443f90e003db}</UniqueIdentifier>
    </Filter>
    <Filter Include="02.GameObjects\00. Character\01. GunSlinger">
      <UniqueIdentifier>{3b7c1f42-6d95-4a08-b1e7-2c9048a5f6d1}</UniqueIdentifier>
    </Filter>
    <Filter Include="02.GameObjects\00. Character\02. Artist">
      <UniqueIdentifier>{a708339b-9aaf-468a-bfb9-c2d18436186e}</UniqueIdentifier>
    </Filter>
    <Filter Include="02.GameObjects\00. Character\03. Slayer">
      <UniqueIdentifier>{15752942-3ae9-4fcd-91ce-48f56a75769b}</UniqueIdentifier>
    </Filter>
    <Filter Include="02.GameObjects\00. Character\04. DimensionMaster">
      <UniqueIdentifier>{34e43f1d-330a-473a-a21f-b446190b9a05}</UniqueIdentifier>
    </Filter>
    <Filter Include="02.GameObjects\01. Npc">
      <UniqueIdentifier>{52dc0b5e-f812-4835-a4c9-d7896396ef00}</UniqueIdentifier>
    </Filter>
    <Filter Include="02.GameObjects\06. Camera">
      <UniqueIdentifier>{6131ea7b-c294-4923-9bdf-06dc6c9a0bc7}</UniqueIdentifier>
    </Filter>
    <Filter Include="02.GameObjects\06. Camera\Free">
      <UniqueIdentifier>{ab809c0d-7e47-4143-8399-63dabb6b67ae}</UniqueIdentifier>
    </Filter>
    <Filter Include="01.Levels\02. Bern">
      <UniqueIdentifier>{812b4a10-ea33-4813-90a1-6f295ebb9ae7}</UniqueIdentifier>
    </Filter>
    <Filter Include="01.Levels\04. ValtanArena">
      <UniqueIdentifier>{a4c9a668-668d-40d1-95bb-17c06b9257fa}</UniqueIdentifier>
    </Filter>
    <Filter Include="04. Network">
      <UniqueIdentifier>{82310efc-790a-485f-b427-faf8083dc8e8}</UniqueIdentifier>
    </Filter>
    <Filter Include="01.Levels\05. Loading">
      <UniqueIdentifier>{de01aad6-a07c-47d8-a504-d56ab362410e}</UniqueIdentifier>
    </Filter>
    <Filter Include="01.Levels\05. Loading\Loader">
      <UniqueIdentifier>{c407bb7a-0764-43ac-abfc-a5b8dba1f941}</UniqueIdentifier>
    </Filter>
    <Filter Include="04. Network\00. PlayerController">
      <UniqueIdentifier>{6d3e8c9b-dbf3-4658-a892-5a2377112a72}</UniqueIdentifier>
    </Filter>
    <Filter Include="01.Levels\00. Lobby">
      <UniqueIdentifier>{82c14815-ff74-4634-8e69-11e1d363979b}</UniqueIdentifier>
    </Filter>
    <Filter Include="01.Levels\01. CharacterSelect">
      <UniqueIdentifier>{90eb2e93-684d-4600-b517-266b3e6c7c9f}</UniqueIdentifier>
    </Filter>
  </ItemGroup>
  <ItemGroup>
    <ClCompile Include="..\Private\MainApp.cpp">
      <Filter>00.MainApp</Filter>
    </ClCompile>
    <ClCompile Include="..\Private\LevelRegistry.cpp">
      <Filter>01.Levels</Filter>
    </ClCompile>
    <ClCompile Include="..\Private\AnimationTargetService.cpp">
      <Filter>03. Tools\04. Animation</Filter>
    </ClCompile>
    <ClCompile Include="..\Private\CharacterPreviewPanel.cpp">
      <Filter>03. Tools\04. Animation</Filter>
    </ClCompile>
    <ClCompile Include="..\Private\AnimationAuthoringBridge.cpp">
      <Filter>03. Tools\04. Animation</Filter>
    </ClCompile>
    <ClCompile Include="..\Private\AnimationSkillBindingDocument.cpp">
      <Filter>03. Tools\04. Animation</Filter>
    </ClCompile>
    <ClCompile Include="..\Private\BalanceTool.cpp">
      <Filter>03. Tools\03. UI</Filter>
    </ClCompile>
    <ClCompile Include="..\Private\LobbyCommandService.cpp">
      <Filter>01.Levels</Filter>
    </ClCompile>
    <ClCompile Include="..\Private\LevelTransitionService.cpp">
      <Filter>01.Levels</Filter>
    </ClCompile>
    <ClCompile Include="..\Private\Level_Development.cpp">
      <Filter>01.Levels\06. Development</Filter>
    </ClCompile>
    <ClCompile Include="..\Private\ProfilerCaptureIO.cpp">
      <Filter>00.MainApp</Filter>
    </ClCompile>
    <ClCompile Include="Client.cpp">
      <Filter>98.Default</Filter>
    </ClCompile>
    <ClCompile Include="..\Private\Level_Loading.cpp">
      <Filter>01.Levels\05. Loading</Filter>
    </ClCompile>
    <ClCompile Include="..\private\Loader.cpp">
      <Filter>01.Levels\05. Loading\Loader</Filter>
    </ClCompile>
    <ClCompile Include="..\private\Camera_Free.cpp">
      <Filter>02.GameObjects\06. Camera\Free</Filter>
    </ClCompile>
    <ClCompile Include="..\Private\MapTool.cpp">
      <Filter>03. Tools\00. Map</Filter>
    </ClCompile>
    <ClCompile Include="..\Private\WorldGameplayDocument.cpp">
      <Filter>03. Tools\00. Map</Filter>
    </ClCompile>
    <ClCompile Include="..\Private\NavGridBaker.cpp">
      <Filter>03. Tools\00. Map</Filter>
    </ClCompile>
    <ClCompile Include="..\Private\NavGridPaintDocument.cpp">
      <Filter>03. Tools\00. Map</Filter>
    </ClCompile>
    <ClCompile Include="..\Private\NavRuntimeBlockerDocument.cpp">
      <Filter>03. Tools\00. Map</Filter>
    </ClCompile>
    <ClCompile Include="..\Private\MapAssetCatalog.cpp">
      <Filter>03. Tools\00. Map</Filter>
    </ClCompile>
    <ClCompile Include="..\Private\MapEditorWorkspaceService.cpp">
      <Filter>03. Tools\00. Map</Filter>
    </ClCompile>
    <ClCompile Include="..\Private\MapNavigationContract.cpp">
      <Filter>03. Tools\00. Map</Filter>
    </ClCompile>
    <ClCompile Include="..\Private\DeployPropCatalog.cpp">
      <Filter>03. Tools\00. Map</Filter>
    </ClCompile>
    <ClCompile Include="..\Private\MapPlacementDocument.cpp">
      <Filter>03. Tools\00. Map</Filter>
    </ClCompile>
    <ClCompile Include="..\Private\MapPlacementRuntime.cpp">
      <Filter>03. Tools\00. Map</Filter>
    </ClCompile>
    <ClCompile Include="..\Private\MapAssetObject.cpp">
      <Filter>02.GameObjects\02. World\Map</Filter>
    </ClCompile>
    <ClCompile Include="..\Private\DeployPropObject.cpp">
      <Filter>02.GameObjects\02. World\Map</Filter>
    </ClCompile>
    <ClCompile Include="..\Private\MapAssetPreview.cpp">
      <Filter>03. Tools\00. Map</Filter>
    </ClCompile>
    <ClCompile Include="..\Private\Body_Valtan.cpp">
      <Filter>02.GameObjects\01. Boss</Filter>
    </ClCompile>
    <ClCompile Include="..\Private\RuntimeAssetRoot.cpp">
      <Filter>03. Tools\00. Map</Filter>
    </ClCompile>
    <ClCompile Include="..\Private\ProjectDataRoot.cpp">
      <Filter>96.DataFiles</Filter>
    </ClCompile>
    <ClCompile Include="..\Private\DataJson.cpp">
      <Filter>96.DataFiles</Filter>
    </ClCompile>
    <ClCompile Include="..\private\Effect_Tool.cpp">
      <Filter>03. Tools\02. Effect</Filter>
    </ClCompile>
    <ClCompile Include="..\Private\Animation_Tool.cpp">
      <Filter>03. Tools\04. Animation</Filter>
    </ClCompile>
    <ClCompile Include="..\Private\HUDLayoutTool.cpp">
      <Filter>03. Tools\03. UI</Filter>
    </ClCompile>
    <ClCompile Include="..\Private\Valtan.cpp">
      <Filter>02.GameObjects\01. Boss</Filter>
    </ClCompile>
    <ClCompile Include="..\Private\Character.cpp">
      <Filter>02.GameObjects\00. Character</Filter>
    </ClCompile>
    <ClCompile Include="..\Private\Part_Body.cpp">
      <Filter>02.GameObjects\00. Character</Filter>
    </ClCompile>
    <ClCompile Include="..\Private\Part_Equipment.cpp">
      <Filter>02.GameObjects\00. Character</Filter>
    </ClCompile>
    <ClCompile Include="..\Private\MapAssetRenderUtils.cpp">
      <Filter>02.GameObjects\02. World\Map</Filter>
    </ClCompile>
    <ClCompile Include="..\Private\MapStaticBatchObject.cpp">
      <Filter>02.GameObjects\02. World\Map</Filter>
    </ClCompile>
    <ClCompile Include="..\Private\Level_Lobby.cpp">
      <Filter>01.Levels\00. Lobby</Filter>
    </ClCompile>
    <ClCompile Include="..\Private\Level_Bern.cpp">
      <Filter>01.Levels\02. Bern</Filter>
    </ClCompile>
    <ClCompile Include="..\Private\Level_ValtanArena.cpp">
      <Filter>01.Levels\04. ValtanArena</Filter>
    </ClCompile>
    <ClCompile Include="..\Private\Logic_LanceMaster.cpp">
      <Filter>02.GameObjects\00. Character\00. LanceMaster</Filter>
    </ClCompile>
    <ClCompile Include="..\Private\Logic_GunSlinger.cpp">
      <Filter>02.GameObjects\00. Character\01. GunSlinger</Filter>
    </ClCompile>
    <ClCompile Include="..\Private\Logic_Artist.cpp">
      <Filter>02.GameObjects\00. Character\02. Artist</Filter>
    </ClCompile>
    <ClCompile Include="..\Private\Logic_DimensionMaster.cpp">
      <Filter>02.GameObjects\00. Character\04. DimensionMaster</Filter>
    </ClCompile>
    <ClCompile Include="..\Private\Logic_Slayer.cpp">
      <Filter>02.GameObjects\00. Character\03. Slayer</Filter>
    </ClCompile>
    <ClCompile Include="..\Private\Npc.cpp">
      <Filter>02.GameObjects\01. Npc</Filter>
    </ClCompile>
    <ClCompile Include="..\Private\NetworkManager.cpp">
      <Filter>04. Network</Filter>
    </ClCompile>
    <ClCompile Include="..\Private\NetObjectRegistry.cpp">
      <Filter>04. Network</Filter>
    </ClCompile>
    <ClCompile Include="..\Private\CharacterCatalog.cpp">
      <Filter>04. Network</Filter>
    </ClCompile>
    <ClCompile Include="..\Private\ActorCatalog.cpp">
      <Filter>04. Network</Filter>
    </ClCompile>
    <ClCompile Include="..\Private\PlayableCharacterAssetService.cpp">
      <Filter>04. Network</Filter>
    </ClCompile>
    <ClCompile Include="..\Private\ValtanPresentationAssetService.cpp">
      <Filter>01.Sources\System</Filter>
    </ClCompile>
    <ClCompile Include="..\Private\NetworkWorldEntityCommandSink.cpp">
      <Filter>01.Sources\System</Filter>
    </ClCompile>
    <ClCompile Include="..\Private\ClientReplication.cpp">
      <Filter>04. Network</Filter>
    </ClCompile>
    <ClCompile Include="..\Private\PlayerController.cpp">
      <Filter>04. Network\00. PlayerController</Filter>
    </ClCompile>
    <ClCompile Include="..\Private\CombatHUDViewModel.cpp">
      <Filter>04. Network</Filter>
    </ClCompile>
    <ClCompile Include="..\Private\HUDRuntimeView.cpp">
      <Filter>02.GameObjects\04. UI</Filter>
    </ClCompile>
    <ClCompile Include="..\Private\SkillWindowView.cpp">
      <Filter>02.GameObjects\04. UI</Filter>
    </ClCompile>
    <ClCompile Include="..\Private\UITextureCache.cpp">
      <Filter>02.GameObjects\04. UI</Filter>
    </ClCompile>
    <ClCompile Include="..\Private\UI_Sprite.cpp">
      <Filter>02.GameObjects\04. UI</Filter>
    </ClCompile>
    <ClCompile Include="..\Private\NetworkPlayerCommandSink.cpp">
      <Filter>04. Network\00. PlayerController</Filter>
    </ClCompile>
    <ClCompile Include="..\Private\CharacterSelectionState.cpp">
      <Filter>01.Levels\01. CharacterSelect</Filter>
    </ClCompile>
    <ClCompile Include="..\Private\Level_CharacterSelect.cpp">
      <Filter>01.Levels\01. CharacterSelect</Filter>
    </ClCompile>
    <ClCompile Include="..\Private\PlayerSkillCatalog.cpp">
      <Filter>04. Network\00. PlayerController</Filter>
    </ClCompile>
  </ItemGroup>
  <ItemGroup>
    <ClInclude Include="..\Public\MainApp.h">
      <Filter>00.MainApp</Filter>
    </ClInclude>
    <ClInclude Include="..\Public\ProfilerCaptureIO.h">
      <Filter>00.MainApp</Filter>
    </ClInclude>
    <ClInclude Include="framework.h">
      <Filter>98.Default</Filter>
    </ClInclude>
    <ClInclude Include="Resource.h">
      <Filter>98.Default</Filter>
    </ClInclude>
    <ClInclude Include="targetver.h">
      <Filter>98.Default</Filter>
    </ClInclude>
    <ClInclude Include="Client.h">
      <Filter>98.Default</Filter>
    </ClInclude>
    <ClInclude Include="..\Public\Client_Defines.h">
      <Filter>99.Defines</Filter>
    </ClInclude>
    <ClInclude Include="..\Public\LevelRegistry.h">
      <Filter>01.Levels</Filter>
    </ClInclude>
    <ClInclude Include="..\Public\AnimationTargetService.h">
      <Filter>03. Tools\04. Animation</Filter>
    </ClInclude>
    <ClInclude Include="..\Public\CharacterPreviewPanel.h">
      <Filter>03. Tools\04. Animation</Filter>
    </ClInclude>
    <ClInclude Include="..\Public\AnimationAuthoringBridge.h">
      <Filter>03. Tools\04. Animation</Filter>
    </ClInclude>
    <ClInclude Include="..\Public\LobbyCommandService.h">
      <Filter>01.Levels</Filter>
    </ClInclude>
    <ClInclude Include="..\Public\LevelTransitionService.h">
      <Filter>01.Levels</Filter>
    </ClInclude>
    <ClInclude Include="..\Public\Level_Development.h">
      <Filter>01.Levels\06. Development</Filter>
    </ClInclude>
    <ClInclude Include="..\Public\Level_Loading.h">
      <Filter>01.Levels\05. Loading</Filter>
    </ClInclude>
    <ClInclude Include="..\public\Loader.h">
      <Filter>01.Levels\05. Loading\Loader</Filter>
    </ClInclude>
    <ClInclude Include="..\public\Camera_Free.h">
      <Filter>02.GameObjects\06. Camera\Free</Filter>
    </ClInclude>
    <ClInclude Include="..\Public\MapTool.h">
      <Filter>03. Tools\00. Map</Filter>
    </ClInclude>
    <ClInclude Include="..\Public\WorldGameplayDocument.h">
      <Filter>03. Tools\00. Map</Filter>
    </ClInclude>
    <ClInclude Include="..\Public\NavGridBaker.h">
      <Filter>03. Tools\00. Map</Filter>
    </ClInclude>
    <ClInclude Include="..\Public\NavGridPaintDocument.h">
      <Filter>03. Tools\00. Map</Filter>
    </ClInclude>
    <ClInclude Include="..\Public\NavRuntimeBlockerDocument.h">
      <Filter>03. Tools\00. Map</Filter>
    </ClInclude>
    <ClInclude Include="..\Public\MapAssetCatalog.h">
      <Filter>03. Tools\00. Map</Filter>
    </ClInclude>
    <ClInclude Include="..\Public\MapEditorWorkspaceService.h">
      <Filter>03. Tools\00. Map</Filter>
    </ClInclude>
    <ClInclude Include="..\Public\MapNavigationContract.h">
      <Filter>03. Tools\00. Map</Filter>
    </ClInclude>
    <ClInclude Include="..\Public\DeployPropCatalog.h">
      <Filter>03. Tools\00. Map</Filter>
    </ClInclude>
    <ClInclude Include="..\Public\MapPlacementDocument.h">
      <Filter>03. Tools\00. Map</Filter>
    </ClInclude>
    <ClInclude Include="..\Public\MapPlacementRuntime.h">
      <Filter>03. Tools\00. Map</Filter>
    </ClInclude>
    <ClInclude Include="..\Public\MapLoadScope.h">
      <Filter>03. Tools\00. Map</Filter>
    </ClInclude>
    <ClInclude Include="..\Public\MapAssetObject.h">
      <Filter>02.GameObjects\02. World\Map</Filter>
    </ClInclude>
    <ClInclude Include="..\Public\DeployPropObject.h">
      <Filter>02.GameObjects\02. World\Map</Filter>
    </ClInclude>
    <ClInclude Include="..\Public\MapAssetPreview.h">
      <Filter>03. Tools\00. Map</Filter>
    </ClInclude>
    <ClInclude Include="..\Public\Body_Valtan.h">
      <Filter>02.GameObjects\01. Boss</Filter>
    </ClInclude>
    <ClInclude Include="..\Public\RuntimeAssetRoot.h">
      <Filter>03. Tools\00. Map</Filter>
    </ClInclude>
    <ClInclude Include="..\Public\ProjectDataRoot.h">
      <Filter>96.DataFiles</Filter>
    </ClInclude>
    <ClInclude Include="..\Public\DataJson.h">
      <Filter>96.DataFiles</Filter>
    </ClInclude>
    <ClInclude Include="..\public\Effect_Tool.h">
      <Filter>03. Tools\02. Effect</Filter>
    </ClInclude>
    <ClInclude Include="..\Public\Animation_Tool.h">
      <Filter>03. Tools\04. Animation</Filter>
    </ClInclude>
    <ClInclude Include="..\Public\AnimationSkillBindingDocument.h">
      <Filter>03. Tools\04. Animation</Filter>
    </ClInclude>
    <ClInclude Include="..\Public\BalanceTool.h">
      <Filter>03. Tools\03. UI</Filter>
    </ClInclude>
    <ClInclude Include="..\Public\AnimationPreviewAssets.h">
      <Filter>03. Tools\04. Animation</Filter>
    </ClInclude>
    <ClInclude Include="..\Public\HUDLayoutTool.h">
      <Filter>03. Tools\03. UI</Filter>
    </ClInclude>
    <ClInclude Include="..\Public\Valtan.h">
      <Filter>02.GameObjects\01. Boss</Filter>
    </ClInclude>
    <ClInclude Include="..\Public\Character.h">
      <Filter>02.GameObjects\00. Character</Filter>
    </ClInclude>
    <ClInclude Include="..\Public\CharacterSpec.h">
      <Filter>02.GameObjects\00. Character</Filter>
    </ClInclude>
    <ClInclude Include="..\Public\Part_Body.h">
      <Filter>02.GameObjects\00. Character</Filter>
    </ClInclude>
    <ClInclude Include="..\Public\Part_Equipment.h">
      <Filter>02.GameObjects\00. Character</Filter>
    </ClInclude>
    <ClInclude Include="..\Public\MapAssetRenderUtils.h">
      <Filter>02.GameObjects\02. World\Map</Filter>
    </ClInclude>
    <ClInclude Include="..\Public\MapStaticBatchObject.h">
      <Filter>02.GameObjects\02. World\Map</Filter>
    </ClInclude>
    <ClInclude Include="..\Public\Level_Lobby.h">
      <Filter>01.Levels\00. Lobby</Filter>
    </ClInclude>
    <ClInclude Include="..\Public\Level_Bern.h">
      <Filter>01.Levels\02. Bern</Filter>
    </ClInclude>
    <ClInclude Include="..\Public\Level_ValtanArena.h">
      <Filter>01.Levels\04. ValtanArena</Filter>
    </ClInclude>
    <ClInclude Include="..\Public\Logic_LanceMaster.h">
      <Filter>02.GameObjects\00. Character\00. LanceMaster</Filter>
    </ClInclude>
    <ClInclude Include="..\Public\Logic_GunSlinger.h">
      <Filter>02.GameObjects\00. Character\01. GunSlinger</Filter>
    </ClInclude>
    <ClInclude Include="..\Public\Logic_Artist.h">
      <Filter>02.GameObjects\00. Character\02. Artist</Filter>
    </ClInclude>
    <ClInclude Include="..\Public\Logic_DimensionMaster.h">
      <Filter>02.GameObjects\00. Character\04. DimensionMaster</Filter>
    </ClInclude>
    <ClInclude Include="..\Public\Logic_Slayer.h">
      <Filter>02.GameObjects\00. Character\03. Slayer</Filter>
    </ClInclude>
    <ClInclude Include="..\Public\Npc.h">
      <Filter>02.GameObjects\01. Npc</Filter>
    </ClInclude>
    <ClInclude Include="..\Public\NetworkManager.h">
      <Filter>04. Network</Filter>
    </ClInclude>
    <ClInclude Include="..\Public\ClientReplicationEvent.h">
      <Filter>04. Network</Filter>
    </ClInclude>
    <ClInclude Include="..\Public\NetObjectRegistry.h">
      <Filter>04. Network</Filter>
    </ClInclude>
    <ClInclude Include="..\Public\CharacterCatalog.h">
      <Filter>04. Network</Filter>
    </ClInclude>
    <ClInclude Include="..\Public\ActorCatalog.h">
      <Filter>04. Network</Filter>
    </ClInclude>
    <ClInclude Include="..\Public\PlayableCharacterAssetService.h">
      <Filter>04. Network</Filter>
    </ClInclude>
    <ClInclude Include="..\Public\ValtanPresentationAssetService.h">
      <Filter>02.Headers\System</Filter>
    </ClInclude>
    <ClInclude Include="..\Public\WorldEntityCommandSink.h">
      <Filter>02.Headers\System</Filter>
    </ClInclude>
    <ClInclude Include="..\Public\NetworkWorldEntityCommandSink.h">
      <Filter>02.Headers\System</Filter>
    </ClInclude>
    <ClInclude Include="..\Public\ClientReplication.h">
      <Filter>04. Network</Filter>
    </ClInclude>
    <ClInclude Include="..\Public\PlayerController.h">
      <Filter>04. Network\00. PlayerController</Filter>
    </ClInclude>
    <ClInclude Include="..\Public\CombatHUDViewModel.h">
      <Filter>04. Network</Filter>
    </ClInclude>
    <ClInclude Include="..\Public\HUDRuntimeView.h">
      <Filter>02.GameObjects\04. UI</Filter>
    </ClInclude>
    <ClInclude Include="..\Public\SkillWindowView.h">
      <Filter>02.GameObjects\04. UI</Filter>
    </ClInclude>
    <ClInclude Include="..\Public\UITextureCache.h">
      <Filter>02.GameObjects\04. UI</Filter>
    </ClInclude>
    <ClInclude Include="..\Public\UI_Sprite.h">
      <Filter>02.GameObjects\04. UI</Filter>
    </ClInclude>
    <ClInclude Include="..\Public\PlayerCommandSink.h">
      <Filter>04. Network\00. PlayerController</Filter>
    </ClInclude>
    <ClInclude Include="..\Public\NetworkPlayerCommandSink.h">
      <Filter>04. Network\00. PlayerController</Filter>
    </ClInclude>
    <ClInclude Include="..\Public\CharacterSelectionState.h">
      <Filter>01.Levels\01. CharacterSelect</Filter>
    </ClInclude>
    <ClInclude Include="..\Public\Level_CharacterSelect.h">
      <Filter>01.Levels\01. CharacterSelect</Filter>
    </ClInclude>
    <ClInclude Include="..\Public\PlayerSkillCatalog.h">
      <Filter>04. Network\00. PlayerController</Filter>
    </ClInclude>
    <ClInclude Include="..\Public\Effect_AuthoringDocument.h">
      <Filter>03. Tools\02. Effect</Filter>
    </ClInclude>
  </ItemGroup>
  <ItemGroup>
    <Image Include="Client.ico">
      <Filter>98.Default</Filter>
    </Image>
    <Image Include="small.ico">
      <Filter>98.Default</Filter>
    </Image>
    <Image Include="cursor.cur">
      <Filter>98.Default</Filter>
    </Image>
  </ItemGroup>
  <ItemGroup>
    <ResourceCompile Include="Client.rc">
      <Filter>98.Default</Filter>
    </ResourceCompile>
  </ItemGroup>
  <ItemGroup>
    <None Include="Client.vcxproj">
      <Filter>98.Default</Filter>
    </None>
    <None Include="..\..\Data\Actors\BossCatalog.json">
      <Filter>96.DataFiles\Actors</Filter>
    </None>
    <None Include="..\..\Data\Actors\CharacterCatalog.json">
      <Filter>96.DataFiles\Actors</Filter>
    </None>
    <None Include="..\..\Data\Actors\NpcCatalog.json">
      <Filter>96.DataFiles\Actors</Filter>
    </None>
    <None Include="..\..\Data\Animation\Authored\Artist\Artist.animevents">
      <Filter>96.DataFiles\Animation\Authored</Filter>
    </None>
    <None Include="..\..\Data\Animation\Authored\Artist\Artist.skillbindings.json">
      <Filter>96.DataFiles\Animation\Authored</Filter>
    </None>
    <None Include="..\..\Data\Animation\Authored\DimensionMaster\DimensionMaster.animevents">
      <Filter>96.DataFiles\Animation\Authored</Filter>
    </None>
    <None Include="..\..\Data\Animation\Authored\DimensionMaster\DimensionMaster.skillbindings.json">
      <Filter>96.DataFiles\Animation\Authored</Filter>
    </None>
    <None Include="..\..\Data\Animation\Authored\GunSlinger\GunSlinger.animevents">
      <Filter>96.DataFiles\Animation\Authored</Filter>
    </None>
    <None Include="..\..\Data\Animation\Authored\GunSlinger\GunSlinger.skillbindings.json">
      <Filter>96.DataFiles\Animation\Authored</Filter>
    </None>
    <None Include="..\..\Data\Animation\Authored\LanceMaster\LanceMaster.animevents">
      <Filter>96.DataFiles\Animation\Authored</Filter>
    </None>
    <None Include="..\..\Data\Animation\Authored\LanceMaster\LanceMaster.skillbindings.json">
      <Filter>96.DataFiles\Animation\Authored</Filter>
    </None>
    <None Include="..\..\Data\Animation\Authored\Slayer\Slayer.animevents">
      <Filter>96.DataFiles\Animation\Authored</Filter>
    </None>
    <None Include="..\..\Data\Animation\Authored\Slayer\Slayer.skillbindings.json">
      <Filter>96.DataFiles\Animation\Authored</Filter>
    </None>
    <None Include="..\..\Data\Animation\Reference\Artist\Artist.animnotify">
      <Filter>96.DataFiles\Animation\Reference</Filter>
    </None>
    <None Include="..\..\Data\Animation\Reference\Artist\Artist.clipmap">
      <Filter>96.DataFiles\Animation\Reference</Filter>
    </None>
    <None Include="..\..\Data\Animation\Reference\Artist\Artist.clipseq">
      <Filter>96.DataFiles\Animation\Reference</Filter>
    </None>
    <None Include="..\..\Data\Animation\Reference\Artist\Artist.skilltiming">
      <Filter>96.DataFiles\Animation\Reference</Filter>
    </None>
    <None Include="..\..\Data\Animation\Reference\DimensionMaster\DimensionMaster.animnotify">
      <Filter>96.DataFiles\Animation\Reference</Filter>
    </None>
    <None Include="..\..\Data\Animation\Reference\DimensionMaster\DimensionMaster.clipmap">
      <Filter>96.DataFiles\Animation\Reference</Filter>
    </None>
    <None Include="..\..\Data\Animation\Reference\DimensionMaster\DimensionMaster.clipseq">
      <Filter>96.DataFiles\Animation\Reference</Filter>
    </None>
    <None Include="..\..\Data\Animation\Reference\DimensionMaster\DimensionMaster.skilltiming">
      <Filter>96.DataFiles\Animation\Reference</Filter>
    </None>
    <None Include="..\..\Data\Animation\Reference\GunSlinger\GunSlinger.animnotify">
      <Filter>96.DataFiles\Animation\Reference</Filter>
    </None>
    <None Include="..\..\Data\Animation\Reference\GunSlinger\GunSlinger.clipmap">
      <Filter>96.DataFiles\Animation\Reference</Filter>
    </None>
    <None Include="..\..\Data\Animation\Reference\GunSlinger\GunSlinger.clipseq">
      <Filter>96.DataFiles\Animation\Reference</Filter>
    </None>
    <None Include="..\..\Data\Animation\Reference\GunSlinger\GunSlinger.skilltiming">
      <Filter>96.DataFiles\Animation\Reference</Filter>
    </None>
    <None Include="..\..\Data\Animation\Reference\LanceMaster\LanceMaster.animnotify">
      <Filter>96.DataFiles\Animation\Reference</Filter>
    </None>
    <None Include="..\..\Data\Animation\Reference\LanceMaster\LanceMaster.clipmap">
      <Filter>96.DataFiles\Animation\Reference</Filter>
    </None>
    <None Include="..\..\Data\Animation\Reference\LanceMaster\LanceMaster.clipseq">
      <Filter>96.DataFiles\Animation\Reference</Filter>
    </None>
    <None Include="..\..\Data\Animation\Reference\LanceMaster\LanceMaster.skilltiming">
      <Filter>96.DataFiles\Animation\Reference</Filter>
    </None>
    <None Include="..\..\Data\Animation\Reference\Slayer\Slayer.animnotify">
      <Filter>96.DataFiles\Animation\Reference</Filter>
    </None>
    <None Include="..\..\Data\Animation\Reference\Slayer\Slayer.clipmap">
      <Filter>96.DataFiles\Animation\Reference</Filter>
    </None>
    <None Include="..\..\Data\Animation\Reference\Slayer\Slayer.clipseq">
      <Filter>96.DataFiles\Animation\Reference</Filter>
    </None>
    <None Include="..\..\Data\Animation\Reference\Slayer\Slayer.skilltiming">
      <Filter>96.DataFiles\Animation\Reference</Filter>
    </None>
    <None Include="..\..\Data\AssetManifests\lostark-resources-2026.08.03.1.manifest.json">
      <Filter>96.DataFiles\AssetPacks</Filter>
    </None>
    <None Include="..\..\Data\AssetManifests\lostark-resources-2026.08.03.2.manifest.json">
      <Filter>96.DataFiles\AssetPacks</Filter>
    </None>
    <None Include="..\..\Data\AssetManifests\lostark-resources-2026.08.03.3.manifest.json">
      <Filter>96.DataFiles\AssetPacks</Filter>
    </None>
    <None Include="..\..\Data\AssetManifests\lostark-resources-2026.08.04.1.manifest.json">
      <Filter>96.DataFiles\AssetPacks</Filter>
    </None>
    <None Include="..\..\Data\AssetPacks.lock.json">
      <Filter>96.DataFiles\AssetPacks</Filter>
    </None>
    <None Include="..\..\Data\Balance\BossProfiles.json">
      <Filter>96.DataFiles\Balance</Filter>
    </None>
    <None Include="..\..\Data\Balance\DamageProfiles.json">
      <Filter>96.DataFiles\Balance</Filter>
    </None>
    <None Include="..\..\Data\Balance\PlayerProfiles.json">
      <Filter>96.DataFiles\Balance</Filter>
    </None>
    <None Include="..\..\Data\Balance\Reference\Official\2026-08-05.balance-provenance.receipt.json">
      <Filter>96.DataFiles\Balance</Filter>
    </None>
    <None Include="..\..\Data\Balance\PlayerSkills.json">
      <Filter>96.DataFiles\Balance</Filter>
    </None>
    <None Include="..\..\Data\Encounters\Valtan\ValtanEncounter.json">
      <Filter>96.DataFiles\Encounters</Filter>
    </None>
    <None Include="..\..\Data\Maps\Authoring\LV_BER_BERNCASTLE\LV_BER_BERNCASTLE.mapplacements">
      <Filter>96.DataFiles\Maps</Filter>
    </None>
    <None Include="..\..\Data\Maps\Authoring\LV_DEV_TRAINING_GROUND\LV_DEV_TRAINING_GROUND.mapplacements">
      <Filter>96.DataFiles\Maps</Filter>
    </None>
    <None Include="..\..\Data\Maps\Authoring\LV_LOBBY_CLASSSELECT_SL00\LV_LOBBY_CLASSSELECT_SL00.mapplacements">
      <Filter>96.DataFiles\Maps</Filter>
    </None>
    <None Include="..\..\Data\Maps\Authoring\LV_LUT_HEARTRB_ED\LV_LUT_HEARTRB_ED.deployplacements">
      <Filter>96.DataFiles\Maps</Filter>
    </None>
    <None Include="..\..\Data\Maps\Authoring\LV_LUT_HEARTRB_ED\LV_LUT_HEARTRB_ED.mapplacements">
      <Filter>96.DataFiles\Maps</Filter>
    </None>
    <None Include="..\..\Data\Maps\Authoring\LV_SHS_RCARENA_D\LV_SHS_RCARENA_D.mapplacements">
      <Filter>96.DataFiles\Maps</Filter>
    </None>
    <None Include="..\..\Data\Maps\Editor\ACTIVE.maparea">
      <Filter>96.DataFiles\Maps</Filter>
    </None>
    <None Include="..\..\Data\Maps\Imported\LV_BER_BERNCASTLE\LV_BER_BERNCASTLE.mapset">
      <Filter>96.DataFiles\Maps</Filter>
    </None>
    <None Include="..\..\Data\Maps\Imported\LV_BER_BERNCASTLE\LV_BER_BERNCASTLE.shards.receipt.json">
      <Filter>96.DataFiles\Maps</Filter>
    </None>
    <None Include="..\..\Data\Maps\Imported\LV_BER_BERNCASTLE\LV_BER_BERNCASTLE_BASE.mapassets">
      <Filter>96.DataFiles\Maps</Filter>
    </None>
    <None Include="..\..\Data\Maps\Imported\LV_BER_BERNCASTLE\LV_BER_BERNCASTLE_BASE.mapplacements">
      <Filter>96.DataFiles\Maps</Filter>
    </None>
    <None Include="..\..\Data\Maps\Imported\LV_BER_BERNCASTLE\LV_BER_BERNCASTLE_LANDSCAPE.mapassets">
      <Filter>96.DataFiles\Maps</Filter>
    </None>
    <None Include="..\..\Data\Maps\Imported\LV_BER_BERNCASTLE\LV_BER_BERNCASTLE_LANDSCAPE.mapplacements">
      <Filter>96.DataFiles\Maps</Filter>
    </None>
    <None Include="..\..\Data\Maps\Imported\LV_BER_BERNCASTLE\LV_BER_BERNCASTLE_SL00.mapassets">
      <Filter>96.DataFiles\Maps</Filter>
    </None>
    <None Include="..\..\Data\Maps\Imported\LV_BER_BERNCASTLE\LV_BER_BERNCASTLE_SL00.mapplacements">
      <Filter>96.DataFiles\Maps</Filter>
    </None>
    <None Include="..\..\Data\Maps\Imported\LV_BER_BERNCASTLE\LV_BER_BERNCASTLE_SL01.mapassets">
      <Filter>96.DataFiles\Maps</Filter>
    </None>
    <None Include="..\..\Data\Maps\Imported\LV_BER_BERNCASTLE\LV_BER_BERNCASTLE_SL01.mapplacements">
      <Filter>96.DataFiles\Maps</Filter>
    </None>
    <None Include="..\..\Data\Maps\Imported\LV_BER_BERNCASTLE\LV_BER_BERNCASTLE_SL02.mapassets">
      <Filter>96.DataFiles\Maps</Filter>
    </None>
    <None Include="..\..\Data\Maps\Imported\LV_BER_BERNCASTLE\LV_BER_BERNCASTLE_SL02.mapplacements">
      <Filter>96.DataFiles\Maps</Filter>
    </None>
    <None Include="..\..\Data\Maps\Imported\LV_BER_BERNCASTLE\LV_BER_BERNCASTLE_SL03.mapassets">
      <Filter>96.DataFiles\Maps</Filter>
    </None>
    <None Include="..\..\Data\Maps\Imported\LV_BER_BERNCASTLE\LV_BER_BERNCASTLE_SL03.mapplacements">
      <Filter>96.DataFiles\Maps</Filter>
    </None>
    <None Include="..\..\Data\Maps\Imported\LV_BER_BERNCASTLE\LV_BER_BERNCASTLE_SL04.mapassets">
      <Filter>96.DataFiles\Maps</Filter>
    </None>
    <None Include="..\..\Data\Maps\Imported\LV_BER_BERNCASTLE\LV_BER_BERNCASTLE_SL04.mapplacements">
      <Filter>96.DataFiles\Maps</Filter>
    </None>
    <None Include="..\..\Data\Maps\Imported\LV_BER_BERNCASTLE\LV_BER_BERNCASTLE_SL05.mapassets">
      <Filter>96.DataFiles\Maps</Filter>
    </None>
    <None Include="..\..\Data\Maps\Imported\LV_BER_BERNCASTLE\LV_BER_BERNCASTLE_SL05.mapplacements">
      <Filter>96.DataFiles\Maps</Filter>
    </None>
    <None Include="..\..\Data\Maps\Imported\LV_BER_BERNCASTLE\LV_BER_BERNCASTLE_SL06.mapassets">
      <Filter>96.DataFiles\Maps</Filter>
    </None>
    <None Include="..\..\Data\Maps\Imported\LV_BER_BERNCASTLE\LV_BER_BERNCASTLE_SL06.mapplacements">
      <Filter>96.DataFiles\Maps</Filter>
    </None>
    <None Include="..\..\Data\Maps\Imported\LV_BER_BERNCASTLE\LV_BER_BERNCASTLE_SL07.mapassets">
      <Filter>96.DataFiles\Maps</Filter>
    </None>
    <None Include="..\..\Data\Maps\Imported\LV_BER_BERNCASTLE\LV_BER_BERNCASTLE_SL07.mapplacements">
      <Filter>96.DataFiles\Maps</Filter>
    </None>
    <None Include="..\..\Data\Maps\Imported\LV_BER_BERNCASTLE\LV_BER_BERNCASTLE_SL08.mapassets">
      <Filter>96.DataFiles\Maps</Filter>
    </None>
    <None Include="..\..\Data\Maps\Imported\LV_BER_BERNCASTLE\LV_BER_BERNCASTLE_SL08.mapplacements">
      <Filter>96.DataFiles\Maps</Filter>
    </None>
    <None Include="..\..\Data\Maps\Imported\LV_BER_BERNCASTLE\LV_BER_BERNCASTLE_SL09.mapassets">
      <Filter>96.DataFiles\Maps</Filter>
    </None>
    <None Include="..\..\Data\Maps\Imported\LV_BER_BERNCASTLE\LV_BER_BERNCASTLE_SL09.mapplacements">
      <Filter>96.DataFiles\Maps</Filter>
    </None>
    <None Include="..\..\Data\Maps\Imported\LV_BER_BERNCASTLE\LV_BER_BERNCASTLE_SL10.mapassets">
      <Filter>96.DataFiles\Maps</Filter>
    </None>
    <None Include="..\..\Data\Maps\Imported\LV_BER_BERNCASTLE\LV_BER_BERNCASTLE_SL10.mapplacements">
      <Filter>96.DataFiles\Maps</Filter>
    </None>
    <None Include="..\..\Data\Maps\Imported\LV_DEV_TRAINING_GROUND\LV_DEV_TRAINING_GROUND.mapassets">
      <Filter>96.DataFiles\Maps</Filter>
    </None>
    <None Include="..\..\Data\Maps\Imported\LV_DEV_TRAINING_GROUND\LV_DEV_TRAINING_GROUND.mapplacements">
      <Filter>96.DataFiles\Maps</Filter>
    </None>
    <None Include="..\..\Data\Maps\Imported\LV_LOBBY_CLASSSELECT_SL00\LV_LOBBY_CLASSSELECT_SL00.mapassets">
      <Filter>96.DataFiles\Maps</Filter>
    </None>
    <None Include="..\..\Data\Maps\Imported\LV_LOBBY_CLASSSELECT_SL00\LV_LOBBY_CLASSSELECT_SL00.mapplacements">
      <Filter>96.DataFiles\Maps</Filter>
    </None>
    <None Include="..\..\Data\Maps\Imported\LV_LUT_HEARTRB_ED\LV_LUT_HEARTRB_ED.deployassets">
      <Filter>96.DataFiles\Maps</Filter>
    </None>
    <None Include="..\..\Data\Maps\Imported\LV_LUT_HEARTRB_ED\LV_LUT_HEARTRB_ED.deployplacements">
      <Filter>96.DataFiles\Maps</Filter>
    </None>
    <None Include="..\..\Data\Maps\Imported\LV_LUT_HEARTRB_ED\LV_LUT_HEARTRB_ED.mapassets">
      <Filter>96.DataFiles\Maps</Filter>
    </None>
    <None Include="..\..\Data\Maps\Imported\LV_LUT_HEARTRB_ED\LV_LUT_HEARTRB_ED.mapplacements">
      <Filter>96.DataFiles\Maps</Filter>
    </None>
    <None Include="..\..\Data\Maps\Imported\LV_SHS_RCARENA_D\LV_SHS_RCARENA_D.mapassets">
      <Filter>96.DataFiles\Maps</Filter>
    </None>
    <None Include="..\..\Data\Maps\Imported\LV_SHS_RCARENA_D\LV_SHS_RCARENA_D.mapplacements">
      <Filter>96.DataFiles\Maps</Filter>
    </None>
    <None Include="..\..\Data\Maps\MapCatalog.json">
      <Filter>96.DataFiles\Maps</Filter>
    </None>
    <None Include="..\..\Data\Navigation\LV_DEV_TRAINING_GROUND.navgrid.json">
      <Filter>96.DataFiles\Navigation</Filter>
    </None>
    <None Include="..\..\Data\Navigation\LV_LOBBY_CLASSSELECT_SL00.navsource">
      <Filter>96.DataFiles\Navigation</Filter>
    </None>
    <None Include="..\..\Data\Navigation\LV_LOBBY_CLASSSELECT_SL00.navpaint">
      <Filter>96.DataFiles\Navigation</Filter>
    </None>
    <None Include="..\..\Data\Navigation\LV_LUT_HEARTRB_ED.navblockers">
      <Filter>96.DataFiles\Navigation</Filter>
    </None>
    <None Include="..\..\Data\Navigation\LV_LUT_HEARTRB_ED.navpaint">
      <Filter>96.DataFiles\Navigation</Filter>
    </None>
    <None Include="..\..\Data\Navigation\LV_LUT_HEARTRB_ED.navsource">
      <Filter>96.DataFiles\Navigation</Filter>
    </None>
    <None Include="..\..\Data\UI\HUD\HUD_Layout.json">
      <Filter>96.DataFiles\UI</Filter>
    </None>
    <None Include="..\..\Data\UI\Loading\LoadingLayout.json">
      <Filter>96.DataFiles\UI</Filter>
    </None>
    <None Include="..\..\Data\UI\ScreenUI\ScreenUI.json">
      <Filter>96.DataFiles\UI</Filter>
    </None>
    <None Include="..\..\Data\Worlds\LV_BER_BERNCASTLE\Gameplay.world.json">
      <Filter>96.DataFiles\Worlds</Filter>
    </None>
    <None Include="..\..\Data\Worlds\LV_DEV_TRAINING_GROUND\Gameplay.world.json">
      <Filter>96.DataFiles\Worlds</Filter>
    </None>
    <None Include="..\..\Data\Worlds\LV_LOBBY_CLASSSELECT_SL00\Gameplay.world.json">
      <Filter>96.DataFiles\Worlds</Filter>
    </None>
    <None Include="..\..\Data\Worlds\LV_LUT_HEARTRB_ED\Gameplay.world.json">
      <Filter>96.DataFiles\Worlds</Filter>
    </None>
  </ItemGroup>
  <ItemGroup>
    <FxCompile Include="..\Bin\ShaderFiles\Shader_VtxTex.hlsl">
      <Filter>97.ShaderFiles</Filter>
    </FxCompile>
    <FxCompile Include="..\Bin\ShaderFiles\Shader_VtxMeshBinary.hlsl">
      <Filter>97.ShaderFiles</Filter>
    </FxCompile>
    <FxCompile Include="..\Bin\ShaderFiles\Shader_VtxMeshPreview.hlsl">
      <Filter>97.ShaderFiles</Filter>
    </FxCompile>
    <FxCompile Include="..\Bin\ShaderFiles\Shader_VtxAnimMesh.hlsl">
      <Filter>97.ShaderFiles</Filter>
    </FxCompile>
    <FxCompile Include="..\Bin\ShaderFiles\Shader_VtxAnimMeshBinary.hlsl">
      <Filter>97.ShaderFiles</Filter>
    </FxCompile>
    <FxCompile Include="..\Bin\ShaderFiles\Shader_VtxMeshMapInstance.hlsl">
      <Filter>97.ShaderFiles</Filter>
    </FxCompile>
  </ItemGroup>
</Project>
