<?xml version="1.0" encoding="utf-8"?>
<Project ToolsVersion="4.0" xmlns="http://schemas.microsoft.com/developer/msbuild/2003">
  <ItemGroup>
    <Filter Include="Source Files">
      <UniqueIdentifier>{DE353F1D-A4BE-4B99-8D3E-74663220CF09}</UniqueIdentifier>
      <Extensions>cpp;c;cxx;cc</Extensions>
    </Filter>
    <Filter Include="Production Sources">
      <UniqueIdentifier>{4A019CA2-A69A-446B-9CB8-41AEC890C1CF}</UniqueIdentifier>
      <Extensions>cpp</Extensions>
    </Filter>
    <Filter Include="Scripts">
      <UniqueIdentifier>{95571F9C-C7AA-4C51-9B17-6FBCE7BE966A}</UniqueIdentifier>
      <Extensions>py;ps1</Extensions>
    </Filter>
  </ItemGroup>
  <ItemGroup>
    <ClCompile Include="..\Private\EffectRenderContractHarness.cpp"><Filter>Source Files</Filter></ClCompile>
    <ClCompile Include="..\..\..\Client\Private\ActionPresentationTimeline.cpp"><Filter>Production Sources</Filter></ClCompile>
    <ClCompile Include="..\..\..\Client\Private\ValtanPatternTree.cpp"><Filter>Production Sources</Filter></ClCompile>
    <ClCompile Include="..\..\..\Client\Private\ValtanPatternEffectCueDocument.cpp"><Filter>Production Sources</Filter></ClCompile>
    <ClCompile Include="..\..\..\Client\Private\AnimationSkillBindingDocument.cpp"><Filter>Production Sources</Filter></ClCompile>
    <ClCompile Include="..\..\..\Client\Private\EncounterPatternReference.cpp"><Filter>Production Sources</Filter></ClCompile>
    <ClCompile Include="..\..\..\Client\Private\DataJson.cpp"><Filter>Production Sources</Filter></ClCompile>
    <ClCompile Include="..\..\..\Client\Private\DeferredMaterialRenderUtils.cpp"><Filter>Production Sources</Filter></ClCompile>
    <ClCompile Include="..\..\..\Client\Private\Effect_Artist31470ShaderRegistry.cpp"><Filter>Production Sources</Filter></ClCompile>
    <ClCompile Include="..\..\..\Client\Private\Effect_Catalog.cpp"><Filter>Production Sources</Filter></ClCompile>
    <ClCompile Include="..\..\..\Client\Private\Effect_LoadPreparationJob.cpp"><Filter>Production Sources</Filter></ClCompile>
    <ClCompile Include="..\..\..\Client\Private\Effect_CascadeCompiler.cpp"><Filter>Production Sources</Filter></ClCompile>
    <ClCompile Include="..\..\..\Client\Private\Effect_Distribution.cpp"><Filter>Production Sources</Filter></ClCompile>
    <ClCompile Include="..\..\..\Client\Private\Effect_DirectAuthoredSourceIndex.cpp"><Filter>Production Sources</Filter></ClCompile>
    <ClCompile Include="..\..\..\Client\Private\Effect_DocumentCodec.cpp"><Filter>Production Sources</Filter></ClCompile>
    <ClCompile Include="..\..\..\Client\Private\Effect_DocumentRenderer.cpp"><Filter>Production Sources</Filter></ClCompile>
    <ClCompile Include="..\..\..\Client\Private\Effect_LightPresentation.cpp"><Filter>Production Sources</Filter></ClCompile>
    <ClCompile Include="..\..\..\Client\Private\Effect_MaterialProgramRegistry.cpp"><Filter>Production Sources</Filter></ClCompile>
    <ClCompile Include="..\..\..\Client\Private\Effect_Object.cpp"><Filter>Production Sources</Filter></ClCompile>
    <ClCompile Include="..\..\..\Client\Private\Effect_OccurrenceTuning.cpp"><Filter>Production Sources</Filter></ClCompile>
    <ClCompile Include="..\..\..\Client\Private\Effect_Playback.cpp"><Filter>Production Sources</Filter></ClCompile>
    <ClCompile Include="..\..\..\Client\Private\Effect_ProductPrewarmQueue.cpp"><Filter>Production Sources</Filter></ClCompile>
    <ClCompile Include="..\..\..\Client\Private\Effect_ReconstructedExecution.cpp"><Filter>Production Sources</Filter></ClCompile>
    <ClCompile Include="..\..\..\Client\Private\Effect_RuntimeAuthority.cpp"><Filter>Production Sources</Filter></ClCompile>
    <ClCompile Include="..\..\..\Client\Private\Effect_ScreenOverlayPresentation.cpp"><Filter>Production Sources</Filter></ClCompile>
    <ClCompile Include="..\..\..\Client\Private\Effect_VisualProgramCorpus.cpp"><Filter>Production Sources</Filter></ClCompile>
    <ClCompile Include="..\..\..\Client\Private\ProjectDataRoot.cpp"><Filter>Production Sources</Filter></ClCompile>
    <ClCompile Include="..\..\..\Client\Private\RuntimeAssetRoot.cpp"><Filter>Production Sources</Filter></ClCompile>
  </ItemGroup>
	<ItemGroup>
		<None Include="..\Run-EffectRenderContractHarness.ps1"><Filter>Scripts</Filter></None>
		<None Include="..\Test-EffectRenderResourceRoot.ps1"><Filter>Scripts</Filter></None>
	</ItemGroup>
</Project>
