<?xml version="1.0" encoding="utf-8"?>
<Project ToolsVersion="4.0" xmlns="http://schemas.microsoft.com/developer/msbuild/2003">
  <ItemGroup>
    <ClCompile Include="..\Private\ValtanPatternAuditionServiceHarness.cpp" />
	<ClCompile Include="..\Private\ValtanCanonicalGraphContractTests.cpp" />
	<ClCompile Include="..\Private\ActionCompositionGraphModelContractTests.cpp" />
	<ClCompile Include="..\Private\BossLogicFlowViewModelContractTests.cpp" />
	<ClCompile Include="..\Private\ValtanPresentationGenerationAdmissionContractTests.cpp" />
	<ClCompile Include="..\Private\PlayerHandGripTransformContractTests.cpp" />
	<ClCompile Include="..\Private\CombatDebugVisibilityContractTests.cpp" />
	<ClCompile Include="..\Private\ValtanEncounterReferenceContractTests.cpp" />
    <ClCompile Include="..\Private\ValtanPatternFlowServiceTests.cpp" />
	<ClCompile Include="..\Private\ValtanPatternAnimationBindingDocumentContractTests.cpp" />
	<ClCompile Include="..\Private\ValtanPatternEffectCueAuthoringContractTests.cpp" />
	<ClCompile Include="..\Private\ValtanPatternSoundCueDocumentContractTests.cpp" />
    <ClCompile Include="..\Private\ValtanPresentationContractTests.cpp" />
    <ClCompile Include="..\Private\ValtanTuningCommandServiceTests.cpp" />
    <ClCompile Include="..\..\..\Client\Private\ValtanPatternAuditionService.cpp" />
	<ClCompile Include="..\..\..\Client\Private\ValtanPatternTree.cpp" />
	<ClCompile Include="..\..\..\Client\Private\ActionCompositionGraphModel.cpp" />
	<ClCompile Include="..\..\..\Client\Private\BossLogicFlowViewModel.cpp" />
	<ClCompile Include="..\..\..\Client\Private\ValtanPresentationGenerationAdmission.cpp" />
	<ClCompile Include="..\..\..\Client\Private\EffectV2_Document.cpp" />
	<ClCompile Include="..\..\..\Client\Private\ValtanPatternFlowDocument.cpp" />
	<ClCompile Include="..\..\..\Client\Private\ValtanPatternEffectCueDocument.cpp" />
	<ClCompile Include="..\..\..\Client\Private\ValtanPatternEffectCueAuthoring.cpp" />
	<ClCompile Include="..\..\..\Client\Private\Effect_DirectAuthoredSourceIndex.cpp" />
    <ClCompile Include="..\..\..\Client\Private\ValtanPatternFlowService.cpp" />
    <ClCompile Include="..\..\..\Client\Private\ValtanTuningCommandService.cpp" />
	<ClCompile Include="..\..\..\Client\Private\AnimationSkillBindingDocument.cpp" />
    <ClCompile Include="..\..\..\Client\Private\DataJson.cpp" />
	<ClCompile Include="..\..\..\Client\Private\ProjectDataRoot.cpp" />
	<ClCompile Include="..\..\..\Client\Private\RuntimeAssetRoot.cpp" />
	<ClCompile Include="..\..\..\Client\Private\SoundCueCatalog.cpp" />
	<ClCompile Include="..\..\..\Client\Private\ValtanCombatObjectSoundCueDocument.cpp" />
	<ClCompile Include="..\..\..\Client\Private\ValtanPatternSoundCueDocument.cpp" />
    <ClCompile Include="..\..\..\Client\Private\ActionPresentationTimeline.cpp" />
    <ClCompile Include="..\..\..\Client\Private\CameraShakeService.cpp" />
    <ClCompile Include="..\..\..\Client\Private\EncounterPatternReference.cpp" />
    <ClCompile Include="..\..\..\Client\Private\ValtanCinematicCameraController.cpp" />
    <ClCompile Include="..\..\..\Client\Private\ValtanCinematicCameraDocument.cpp" />
  </ItemGroup>
  <ItemGroup>
    <ClInclude Include="..\..\..\Client\Public\ValtanPatternAuditionService.h" />
	<ClInclude Include="..\..\..\Client\Public\ValtanPatternTree.h" />
	<ClInclude Include="..\..\..\Client\Public\PlayerHandGripTransform.h" />
	<ClInclude Include="..\..\..\Client\Public\CombatDebugVisibility.h" />
	<ClInclude Include="..\..\..\Client\Public\ActionCompositionGraphModel.h" />
	<ClInclude Include="..\..\..\Client\Public\BossLogicFlowView.h" />
	<ClInclude Include="..\..\..\Client\Public\ValtanPresentationGenerationAdmission.h" />
	<ClInclude Include="..\..\..\Client\Public\EffectV2_Document.h" />
	<ClInclude Include="..\..\..\Client\Public\ValtanPatternEffectCueDocument.h" />
	<ClInclude Include="..\..\..\Client\Public\ValtanPatternEffectCueAuthoring.h" />
	<ClInclude Include="..\..\..\Client\Public\Effect_DirectAuthoredSourceIndex.h" />
    <ClInclude Include="..\..\..\Client\Public\ValtanPatternFlowService.h" />
    <ClInclude Include="..\..\..\Client\Public\ValtanTuningCommandService.h" />
    <ClInclude Include="..\..\..\Client\Public\DataJson.h" />
	<ClInclude Include="..\..\..\Client\Public\RuntimeAssetRoot.h" />
	<ClInclude Include="..\..\..\Client\Public\SoundCueCatalog.h" />
	<ClInclude Include="..\..\..\Client\Public\ValtanCombatObjectSoundCueDocument.h" />
    <ClInclude Include="..\..\..\Client\Public\ActionPresentationTimeline.h" />
    <ClInclude Include="..\..\..\Client\Public\CameraShakeService.h" />
    <ClInclude Include="..\..\..\Client\Public\EncounterPatternReference.h" />
    <ClInclude Include="..\..\..\Client\Public\MonsterPresentationContract.h" />
    <ClInclude Include="..\..\..\Client\Public\ValtanCinematicCameraController.h" />
    <ClInclude Include="..\..\..\Client\Public\ValtanCinematicCameraDocument.h" />
    <ClInclude Include="..\..\..\Client\Public\ValtanPatternFlowDocument.h" />
  </ItemGroup>
</Project>
