<?xml version="1.0" encoding="utf-8"?>
<Project ToolsVersion="4.0" xmlns="http://schemas.microsoft.com/developer/msbuild/2003">
  <ItemGroup>
    <Filter Include="Private">
      <UniqueIdentifier>{1FE078EF-A16A-4934-8D2C-A6949CCB5BAC}</UniqueIdentifier>
    </Filter>
    <Filter Include="Client">
      <UniqueIdentifier>{BC0E9108-26E5-43E7-9D73-73A11EB40BFC}</UniqueIdentifier>
    </Filter>
  </ItemGroup>
  <ItemGroup>
    <ClCompile Include="..\Private\ClientFrontendHarness.cpp">
      <Filter>Private</Filter>
    </ClCompile>
	<ClCompile Include="..\Private\FourClassTrackAAuthoredMaterializer.cpp">
	  <Filter>Private</Filter>
	</ClCompile>
	<ClCompile Include="..\..\..\Client\Private\ActionPresentationTimeline.cpp">
	  <Filter>Client</Filter>
	</ClCompile>
	<ClCompile Include="..\..\..\Client\Private\EncounterPatternReference.cpp">
	  <Filter>Client</Filter>
	</ClCompile>
	<ClCompile Include="..\..\..\Client\Private\ValtanCinematicCameraDocument.cpp">
	  <Filter>Client</Filter>
	</ClCompile>
	<ClCompile Include="..\..\..\Client\Private\ValtanCinematicCameraController.cpp">
	  <Filter>Client</Filter>
	</ClCompile>
	<ClCompile Include="..\..\..\Client\Private\WorldDestructionProjectionDocument.cpp">
	  <Filter>Client</Filter>
	</ClCompile>
	<ClCompile Include="..\..\..\Client\Private\WorldDestructionDebrisPresentationDocument.cpp">
	  <Filter>Client</Filter>
	</ClCompile>
	<ClCompile Include="..\..\..\Client\Private\WorldDestructionProjectionRuntime.cpp">
	  <Filter>Client</Filter>
	</ClCompile>
	<ClCompile Include="..\..\..\Client\Private\NetworkManager.cpp">
	  <Filter>Client</Filter>
	</ClCompile>
	<ClCompile Include="..\..\..\Client\Private\AnimationSkillBindingDocument.cpp">
	  <Filter>Client</Filter>
	</ClCompile>
	<ClCompile Include="..\..\..\Client\Private\ValtanPatternPreviewDocument.cpp">
	  <Filter>Client</Filter>
	</ClCompile>
	<ClCompile Include="..\..\..\Client\Private\ValtanPatternEffectCueDocument.cpp">
	  <Filter>Client</Filter>
	</ClCompile>
	<ClCompile Include="..\..\..\Client\Private\ValtanPatternTree.cpp">
	  <Filter>Client</Filter>
	</ClCompile>
	<ClCompile Include="..\..\..\Client\Private\CharacterSelectionState.cpp">
	  <Filter>Client</Filter>
	</ClCompile>
	<ClCompile Include="..\..\..\Client\Private\CombatHUDViewModel.cpp">
	  <Filter>Client</Filter>
	</ClCompile>
	<ClCompile Include="..\..\..\Client\Private\ActorCatalog.cpp">
	  <Filter>Client</Filter>
	</ClCompile>
	<ClCompile Include="..\..\..\Client\Private\CombatObjectProjectionRuntime.cpp">
	  <Filter>Client</Filter>
	</ClCompile>
	<ClCompile Include="..\..\..\Client\Private\CharacterCatalog.cpp">
	  <Filter>Client</Filter>
	</ClCompile>
	<ClCompile Include="..\..\..\Client\Private\PlayableCharacterPreviewContract.cpp">
	  <Filter>Client</Filter>
	</ClCompile>
	<ClCompile Include="..\..\..\Client\Private\Logic_LanceMaster.cpp">
	  <Filter>Client</Filter>
	</ClCompile>
	<ClCompile Include="..\..\..\Client\Private\Logic_GunSlinger.cpp">
	  <Filter>Client</Filter>
	</ClCompile>
	<ClCompile Include="..\..\..\Client\Private\Logic_Slayer.cpp">
	  <Filter>Client</Filter>
	</ClCompile>
	<ClCompile Include="..\..\..\Client\Private\Logic_Artist.cpp">
	  <Filter>Client</Filter>
	</ClCompile>
	<ClCompile Include="..\..\..\Client\Private\Logic_DimensionMaster.cpp">
	  <Filter>Client</Filter>
	</ClCompile>
	<ClCompile Include="..\..\..\Client\Private\Logic_Warlord.cpp">
	  <Filter>Client</Filter>
	</ClCompile>
	<ClCompile Include="..\..\..\Client\Private\DataJson.cpp">
	  <Filter>Client</Filter>
	</ClCompile>
	<ClCompile Include="..\..\..\Client\Private\BalanceTool.cpp">
	  <Filter>Client</Filter>
	</ClCompile>
	<ClCompile Include="..\..\..\Client\Private\Effect_Distribution.cpp">
	  <Filter>Client</Filter>
	</ClCompile>
	<ClCompile Include="..\..\..\Client\Private\Effect_Catalog.cpp">
	  <Filter>Client</Filter>
	</ClCompile>
	<ClCompile Include="..\..\..\Client\Private\Effect_OccurrenceTuning.cpp">
	  <Filter>Client</Filter>
	</ClCompile>
	<ClCompile Include="..\..\..\Client\Private\Effect_CascadeCompiler.cpp">
	  <Filter>Client</Filter>
	</ClCompile>
	<ClCompile Include="..\..\..\Client\Private\Effect_RuntimeAuthority.cpp">
	  <Filter>Client</Filter>
	</ClCompile>
	<ClCompile Include="..\..\..\Client\Private\Effect_VisualProgramCorpus.cpp">
	  <Filter>Client</Filter>
	</ClCompile>
	<ClCompile Include="..\..\..\Client\Private\Effect_ReconstructedExecution.cpp">
	  <Filter>Client</Filter>
	</ClCompile>
	<ClCompile Include="..\..\..\Client\Private\Effect_Artist31470ShaderRegistry.cpp">
	  <Filter>Client</Filter>
	</ClCompile>
	<ClCompile Include="..\..\..\Client\Private\Effect_ProductPrewarmQueue.cpp">
	  <Filter>Client</Filter>
	</ClCompile>
	<ClCompile Include="..\..\..\Client\Private\Effect_ScreenOverlayPresentation.cpp">
	  <Filter>Client</Filter>
	</ClCompile>
	<ClCompile Include="..\..\..\Client\Private\AnimationEffectCueDocument.cpp">
	  <Filter>Client</Filter>
	</ClCompile>
    <ClCompile Include="..\..\..\Client\Private\LobbyCommandService.cpp">
      <Filter>Client</Filter>
    </ClCompile>
	<ClCompile Include="..\..\..\Client\Private\NetObjectRegistry.cpp">
	  <Filter>Client</Filter>
	</ClCompile>
	<ClCompile Include="..\..\..\Client\Private\WorldPlayerNameplateView.cpp">
	  <Filter>Client</Filter>
	</ClCompile>
	<ClCompile Include="..\..\..\Client\Private\PlayerSkillCatalog.cpp">
	  <Filter>Client</Filter>
	</ClCompile>
	<ClCompile Include="..\..\..\Client\Private\ProjectDataRoot.cpp">
	  <Filter>Client</Filter>
	</ClCompile>
  </ItemGroup>
  <ItemGroup>
    <ClInclude Include="..\Private\FourClassTrackAAuthoredMaterializer.h">
      <Filter>Private</Filter>
    </ClInclude>
	<ClInclude Include="..\..\..\Client\Private\CharacterSelectArenaSpawnGate.h">
	  <Filter>Client</Filter>
	</ClInclude>
	<ClInclude Include="..\..\..\Client\Public\ValtanPatternEffectCueDocument.h">
	  <Filter>Client</Filter>
	</ClInclude>
	<ClInclude Include="..\..\..\Client\Public\ValtanPatternTree.h">
	  <Filter>Client</Filter>
	</ClInclude>
  </ItemGroup>
</Project>
